{
  "version": 4,
  "terraform_version": "1.0.7",
  "serial": 178,
  "lineage": "f4d054cd-0790-2f28-c71c-1349159c751f",
  "outputs": {
    "cluster_name": {
      "value": "nkg-backstage-cluster-prod",
      "type": "string"
    }
  },
  "resources": [
    {
      "mode": "managed",
      "type": "kubernetes_deployment",
      "name": "postgres",
      "provider": "provider[\"registry.terraform.io/hashicorp/kubernetes\"]",
      "instances": [
        {
          "schema_version": 1,
          "attributes": {
            "id": "backstage/postgres",
            "metadata": [
              {
                "annotations": {},
                "generate_name": "",
                "generation": 1,
                "labels": {},
                "name": "postgres",
                "namespace": "backstage",
                "resource_version": "232917",
                "uid": "a6d53133-51eb-4fdf-808b-bd2484c339dc"
              }
            ],
            "spec": [
              {
                "min_ready_seconds": 0,
                "paused": false,
                "progress_deadline_seconds": 600,
                "replicas": "1",
                "revision_history_limit": 10,
                "selector": [
                  {
                    "match_expressions": [],
                    "match_labels": {
                      "app": "postgres"
                    }
                  }
                ],
                "strategy": [
                  {
                    "rolling_update": [
                      {
                        "max_surge": "25%",
                        "max_unavailable": "25%"
                      }
                    ],
                    "type": "RollingUpdate"
                  }
                ],
                "template": [
                  {
                    "metadata": [
                      {
                        "annotations": {},
                        "generate_name": "",
                        "generation": 0,
                        "labels": {
                          "app": "postgres"
                        },
                        "name": "",
                        "namespace": "",
                        "resource_version": "",
                        "uid": ""
                      }
                    ],
                    "spec": [
                      {
                        "active_deadline_seconds": 0,
                        "affinity": [],
                        "automount_service_account_token": true,
                        "container": [
                          {
                            "args": [],
                            "command": [],
                            "env": [],
                            "env_from": [
                              {
                                "config_map_ref": [],
                                "prefix": "",
                                "secret_ref": [
                                  {
                                    "name": "postgres-secrets",
                                    "optional": false
                                  }
                                ]
                              }
                            ],
                            "image": "postgres:13.2-alpine",
                            "image_pull_policy": "IfNotPresent",
                            "lifecycle": [],
                            "liveness_probe": [],
                            "name": "postgres",
                            "port": [
                              {
                                "container_port": 5432,
                                "host_ip": "",
                                "host_port": 0,
                                "name": "",
                                "protocol": "TCP"
                              }
                            ],
                            "readiness_probe": [],
                            "resources": [
                              {
                                "limits": null,
                                "requests": null
                              }
                            ],
                            "security_context": [],
                            "startup_probe": [],
                            "stdin": false,
                            "stdin_once": false,
                            "termination_message_path": "/dev/termination-log",
                            "termination_message_policy": "File",
                            "tty": false,
                            "volume_mount": [
                              {
                                "mount_path": "/var/lib/postgresql/data",
                                "mount_propagation": "None",
                                "name": "postgresdb",
                                "read_only": false,
                                "sub_path": "new"
                              }
                            ],
                            "working_dir": ""
                          }
                        ],
                        "dns_config": [],
                        "dns_policy": "ClusterFirst",
                        "enable_service_links": true,
                        "host_aliases": [],
                        "host_ipc": false,
                        "host_network": false,
                        "host_pid": false,
                        "hostname": "",
                        "image_pull_secrets": [],
                        "init_container": [],
                        "node_name": "",
                        "node_selector": {},
                        "priority_class_name": "",
                        "readiness_gate": [],
                        "restart_policy": "Always",
                        "security_context": [],
                        "service_account_name": "",
                        "share_process_namespace": false,
                        "subdomain": "",
                        "termination_grace_period_seconds": 30,
                        "toleration": [],
                        "topology_spread_constraint": [],
                        "volume": [
                          {
                            "aws_elastic_block_store": [],
                            "azure_disk": [],
                            "azure_file": [],
                            "ceph_fs": [],
                            "cinder": [],
                            "config_map": [],
                            "csi": [],
                            "downward_api": [],
                            "empty_dir": [],
                            "fc": [],
                            "flex_volume": [],
                            "flocker": [],
                            "gce_persistent_disk": [],
                            "git_repo": [],
                            "glusterfs": [],
                            "host_path": [],
                            "iscsi": [],
                            "local": [],
                            "name": "postgresdb",
                            "nfs": [],
                            "persistent_volume_claim": [
                              {
                                "claim_name": "postgres-storage-claim",
                                "read_only": false
                              }
                            ],
                            "photon_persistent_disk": [],
                            "projected": [],
                            "quobyte": [],
                            "rbd": [],
                            "secret": [],
                            "vsphere_volume": []
                          }
                        ]
                      }
                    ]
                  }
                ]
              }
            ],
            "timeouts": null,
            "wait_for_rollout": true
          },
          "sensitive_attributes": [],
          "private": "eyJlMmJmYjczMC1lY2FhLTExZTYtOGY4OC0zNDM2M2JjN2M0YzAiOnsiY3JlYXRlIjo2MDAwMDAwMDAwMDAsImRlbGV0ZSI6NjAwMDAwMDAwMDAwLCJ1cGRhdGUiOjYwMDAwMDAwMDAwMH0sInNjaGVtYV92ZXJzaW9uIjoiMSJ9"
        }
      ]
    },
    {
      "mode": "managed",
      "type": "kubernetes_namespace",
      "name": "backstage",
      "provider": "provider[\"registry.terraform.io/hashicorp/kubernetes\"]",
      "instances": [
        {
          "schema_version": 0,
          "attributes": {
            "id": "backstage",
            "metadata": [
              {
                "annotations": {},
                "generate_name": "",
                "generation": 0,
                "labels": {},
                "name": "backstage",
                "resource_version": "91166",
                "uid": "2637196b-58b1-4206-9fee-c3980fab8214"
              }
            ],
            "timeouts": null
          },
          "sensitive_attributes": [],
          "private": "eyJlMmJmYjczMC1lY2FhLTExZTYtOGY4OC0zNDM2M2JjN2M0YzAiOnsiZGVsZXRlIjozMDAwMDAwMDAwMDB9fQ=="
        }
      ]
    },
    {
      "mode": "managed",
      "type": "kubernetes_persistent_volume",
      "name": "postgres_storage",
      "provider": "provider[\"registry.terraform.io/hashicorp/kubernetes\"]",
      "instances": [
        {
          "schema_version": 0,
          "attributes": {
            "id": "postgres-storage",
            "metadata": [
              {
                "annotations": {},
                "generation": 0,
                "labels": {
                  "type": "local"
                },
                "name": "postgres-storage",
                "resource_version": "109285",
                "uid": "4ac10a20-3b1d-414d-8bb1-da9d6822347f"
              }
            ],
            "spec": [
              {
                "access_modes": [
                  "ReadWriteOnce"
                ],
                "capacity": {
                  "storage": "2G"
                },
                "claim_ref": [
                  {
                    "name": "postgres-storage-claim",
                    "namespace": "backstage"
                  }
                ],
                "mount_options": [],
                "node_affinity": [
                  {
                    "required": [
                      {
                        "node_selector_term": [
                          {
                            "match_expressions": [
                              {
                                "key": "topology.kubernetes.io/zone",
                                "operator": "In",
                                "values": [
                                  "europe-west1-b"
                                ]
                              },
                              {
                                "key": "topology.kubernetes.io/region",
                                "operator": "In",
                                "values": [
                                  "europe-west1"
                                ]
                              }
                            ],
                            "match_fields": []
                          }
                        ]
                      }
                    ]
                  }
                ],
                "persistent_volume_reclaim_policy": "Retain",
                "persistent_volume_source": [
                  {
                    "aws_elastic_block_store": [],
                    "azure_disk": [],
                    "azure_file": [],
                    "ceph_fs": [],
                    "cinder": [],
                    "csi": [],
                    "fc": [],
                    "flex_volume": [],
                    "flocker": [],
                    "gce_persistent_disk": [
                      {
                        "fs_type": "",
                        "partition": 0,
                        "pd_name": "my-data-disk",
                        "read_only": false
                      }
                    ],
                    "glusterfs": [],
                    "host_path": [],
                    "iscsi": [],
                    "local": [],
                    "nfs": [],
                    "photon_persistent_disk": [],
                    "quobyte": [],
                    "rbd": [],
                    "vsphere_volume": []
                  }
                ],
                "storage_class_name": "manual",
                "volume_mode": "Filesystem"
              }
            ],
            "timeouts": null
          },
          "sensitive_attributes": [],
          "private": "eyJlMmJmYjczMC1lY2FhLTExZTYtOGY4OC0zNDM2M2JjN2M0YzAiOnsiY3JlYXRlIjozMDAwMDAwMDAwMDB9fQ=="
        }
      ]
    },
    {
      "mode": "managed",
      "type": "kubernetes_persistent_volume_claim",
      "name": "postgres_storage_claim",
      "provider": "provider[\"registry.terraform.io/hashicorp/kubernetes\"]",
      "instances": [
        {
          "schema_version": 0,
          "attributes": {
            "id": "backstage/postgres-storage-claim",
            "metadata": [
              {
                "annotations": {},
                "generate_name": "",
                "generation": 0,
                "labels": {},
                "name": "postgres-storage-claim",
                "namespace": "backstage",
                "resource_version": "109288",
                "uid": "0880006a-708e-4a0d-a7bc-581818c5aca7"
              }
            ],
            "spec": [
              {
                "access_modes": [
                  "ReadWriteOnce"
                ],
                "resources": [
                  {
                    "limits": {},
                    "requests": {
                      "storage": "2G"
                    }
                  }
                ],
                "selector": [],
                "storage_class_name": "manual",
                "volume_name": "postgres-storage"
              }
            ],
            "timeouts": null,
            "wait_until_bound": true
          },
          "sensitive_attributes": [],
          "private": "eyJlMmJmYjczMC1lY2FhLTExZTYtOGY4OC0zNDM2M2JjN2M0YzAiOnsiY3JlYXRlIjozMDAwMDAwMDAwMDB9fQ=="
        }
      ]
    },
    {
      "mode": "managed",
      "type": "kubernetes_secret",
      "name": "backstage_secrets",
      "provider": "provider[\"registry.terraform.io/hashicorp/kubernetes\"]",
      "instances": [
        {
          "schema_version": 0,
          "attributes": {
            "binary_data": null,
            "data": {
              "GITHUB_TOKEN": "VG9rZW5Ub2tlblRva2VuVG9rZW5NYWxrb3ZpY2hUb2tlbg=="
            },
            "id": "backstage/backstage-secrets",
            "immutable": false,
            "metadata": [
              {
                "annotations": {},
                "generate_name": "",
                "generation": 0,
                "labels": {},
                "name": "backstage-secrets",
                "namespace": "backstage",
                "resource_version": "91176",
                "uid": "0d5aeabf-ec34-4f0e-8ff2-ed3817b9cd2e"
              }
            ],
            "type": "Opaque"
          },
          "sensitive_attributes": [],
          "private": "bnVsbA=="
        }
      ]
    },
    {
      "mode": "managed",
      "type": "kubernetes_secret",
      "name": "postgres_secrets",
      "provider": "provider[\"registry.terraform.io/hashicorp/kubernetes\"]",
      "instances": [
        {
          "schema_version": 0,
          "attributes": {
            "binary_data": null,
            "data": {
              "POSTGRES_PASSWORD": "aHVudGVyMg==",
              "POSTGRES_USER": "YmFja3N0YWdl"
            },
            "id": "backstage/postgres-secrets",
            "immutable": false,
            "metadata": [
              {
                "annotations": {},
                "generate_name": "",
                "generation": 0,
                "labels": {},
                "name": "postgres-secrets",
                "namespace": "backstage",
                "resource_version": "209152",
                "uid": "838accbb-5013-4043-b313-d08bf2fbba86"
              }
            ],
            "type": "Opaque"
          },
          "sensitive_attributes": [],
          "private": "bnVsbA=="
        }
      ]
    },
    {
      "mode": "managed",
      "type": "kubernetes_service",
      "name": "backstage",
      "provider": "provider[\"registry.terraform.io/hashicorp/kubernetes\"]",
      "instances": [
        {
          "schema_version": 1,
          "attributes": {
            "id": "backstage/backstage",
            "metadata": [
              {
                "annotations": {},
                "generate_name": "",
                "generation": 0,
                "labels": {},
                "name": "backstage",
                "namespace": "backstage",
                "resource_version": "115054",
                "uid": "bca7f89e-4e1a-43ab-ad5a-c7179d6145c7"
              }
            ],
            "spec": [
              {
                "cluster_ip": "10.30.35.212",
                "external_ips": [],
                "external_name": "",
                "external_traffic_policy": "",
                "health_check_node_port": 0,
                "load_balancer_ip": "",
                "load_balancer_source_ranges": [],
                "port": [
                  {
                    "name": "http",
                    "node_port": 0,
                    "port": 80,
                    "protocol": "TCP",
                    "target_port": "http"
                  }
                ],
                "publish_not_ready_addresses": false,
                "selector": {
                  "app": "backstage"
                },
                "session_affinity": "None",
                "type": "ClusterIP"
              }
            ],
            "status": [
              {
                "load_balancer": [
                  {
                    "ingress": []
                  }
                ]
              }
            ],
            "timeouts": null,
            "wait_for_load_balancer": true
          },
          "sensitive_attributes": [],
          "private": "eyJlMmJmYjczMC1lY2FhLTExZTYtOGY4OC0zNDM2M2JjN2M0YzAiOnsiY3JlYXRlIjo2MDAwMDAwMDAwMDB9LCJzY2hlbWFfdmVyc2lvbiI6IjEifQ=="
        }
      ]
    },
    {
      "mode": "managed",
      "type": "kubernetes_service",
      "name": "postgres",
      "provider": "provider[\"registry.terraform.io/hashicorp/kubernetes\"]",
      "instances": [
        {
          "schema_version": 1,
          "attributes": {
            "id": "backstage/postgres",
            "metadata": [
              {
                "annotations": {},
                "generate_name": "",
                "generation": 0,
                "labels": {},
                "name": "postgres",
                "namespace": "backstage",
                "resource_version": "109236",
                "uid": "648b52fd-eea6-4405-a3fa-14e56b0b969e"
              }
            ],
            "spec": [
              {
                "cluster_ip": "10.30.29.94",
                "external_ips": [],
                "external_name": "",
                "external_traffic_policy": "",
                "health_check_node_port": 0,
                "load_balancer_ip": "",
                "load_balancer_source_ranges": [],
                "port": [
                  {
                    "name": "",
                    "node_port": 0,
                    "port": 5432,
                    "protocol": "TCP",
                    "target_port": "5432"
                  }
                ],
                "publish_not_ready_addresses": false,
                "selector": {
                  "app": "postgres"
                },
                "session_affinity": "None",
                "type": "ClusterIP"
              }
            ],
            "status": [
              {
                "load_balancer": [
                  {
                    "ingress": []
                  }
                ]
              }
            ],
            "timeouts": null,
            "wait_for_load_balancer": true
          },
          "sensitive_attributes": [],
          "private": "eyJlMmJmYjczMC1lY2FhLTExZTYtOGY4OC0zNDM2M2JjN2M0YzAiOnsiY3JlYXRlIjo2MDAwMDAwMDAwMDB9LCJzY2hlbWFfdmVyc2lvbiI6IjEifQ=="
        }
      ]
    },
    {
      "mode": "managed",
      "type": "local_file",
      "name": "kubeconfig",
      "provider": "provider[\"registry.terraform.io/hashicorp/local\"]",
      "instances": [
        {
          "schema_version": 0,
          "attributes": {
            "content": "apiVersion: v1\r\nclusters:\r\n- cluster:\r\n    certificate-authority-data: LS0tLS1CRUdJTiBDRVJUSUZJQ0FURS0tLS0tCk1JSUVMVENDQXBXZ0F3SUJBZ0lSQUp6c3VKTG5iSkdNSUhZYlg1TTJEL0F3RFFZSktvWklodmNOQVFFTEJRQXcKTHpFdE1Dc0dBMVVFQXhNa09HSmlabU15TlRNdFlXWTFaQzAwWWpjeExXRmpZbUl0TkdReE1qRmtNVE14WVRsbApNQ0FYRFRJeE1USXhOVEEyTVRJek9Wb1lEekl3TlRFeE1qQTRNRGN4TWpNNVdqQXZNUzB3S3dZRFZRUURFeVE0ClltSm1ZekkxTXkxaFpqVmtMVFJpTnpFdFlXTmlZaTAwWkRFeU1XUXhNekZoT1dVd2dnR2lNQTBHQ1NxR1NJYjMKRFFFQkFRVUFBNElCandBd2dnR0tBb0lCZ1FDWkZJUlVlOUdob2p3b0hTZmRISjlMNWV2TTlGaHc4dldtaUM4cQowcGlyRGZqQzhvMlJzWnpacysxdStUS3NjOXZtY3cvS01WN1J4c2VCZXV4c1FqbWFBM2MyY2laUjlTSVFoRkpvCkx5TkVQTzdFckROaHhyM1o2ZTZrb0NKNUFINHQwN0RNb2xHeEVobFRjaTIrRE1WTUlkcEZTRDRaZVU5YjdrR1MKdmdoUU9OLzVmN0wwZjI4LzFwclhvNE1GczgybktWYXFwaWZmb0ZZR2xPV1NubnlvNDRRTEdERDJTclJuSTJOZApBT1E5U0ZGanVOWmNpbkZkVFROSE43OXJ6b3YzOTlNbnNIR0hnSzNCa2h3SUtQSU1kOVlYMWpTRUNVZkFOVExHCmd6QmRtbW54SS9BREUzaUlsOENtTE5Ua3R6MXExSkQzS1V5ZnBqMWJ1TU9pVlk5MUk4M0JKK2M5QWR0NHNvOEgKWjU4R3JZZ1lMMnF0MTUzRHZvRVFWSUMwR1RZSndncndTZGgrazVIQWFyQTZkMjdzSy8rQUFkMXhIUm5xQU1rNQo1UVkzWXQza1RpdU05OGZUckFDR2dqUjVPajN4UWorcnpGZUdiZW5sNmQ3ZEtZaC9rVzZtT0dPYzMzeVdTWHRBCkVMRXlwUi9SUHU3Tjk5c0JsSTRFQkdMZ1J5RUNBd0VBQWFOQ01FQXdEZ1lEVlIwUEFRSC9CQVFEQWdJRU1BOEcKQTFVZEV3RUIvd1FGTUFNQkFmOHdIUVlEVlIwT0JCWUVGQTFvRzZEQXBpdTNjMFhRRC84M2QrTktycnZWTUEwRwpDU3FHU0liM0RRRUJDd1VBQTRJQmdRQXNmcTNyWnVSY0xqM0pXL3I2YjRmaHk5c3l1NkdLenRuVmpwb01hWldhCmZkNU1PSEFsZjlCVE1ZVVhWcWZCUWsrcHhidk5PVkdHVThOdDBTMFJrNEVtcVN2OEwwT1o0eVRsWDVPYmxMMWgKY1VCa3J3cWtqdjFOam1NMnRhT2pnQUhEMnQvSWNBR3JsdVl0NTlwb1BKc1Y2YTFIejdyVFZ3TUwzN0ltTDN6OQp1KzU4QlJ4WjBoaWlEZXFRSG9GNnppU3RsWFVQNHNkZnIxYjBveS9rUndQblh6RlZlaUtXaG5RRVdJMkdBcDlICnZ0dzVheGNSb1A2ZUNCTVlpTXNYREE0Tm50aUJzczdDVEpPT08wTnhRaGRLaTZIelA1eDlYMC9jUVVHUldHbnQKWFNyV3FibEtDRkF1cDRja05rcTNTWE9tbkxUREJTSnpsa2Fzem5IRTF6ZmRRUGtQWndpTmdWdnRIWjBub3JNaAoyTzZ2d2JXdjdPZ2c2bTBScHlGMXgwcWx2Um8zVWFFaS9uaDcvWW03ejB5Z2k0TEtPSmFYbVBnaWI2Zm1qai9WClNKNTlmYkZhQldpSDFYOE1DcDk3VGRVbERmektNVUFtTngvcnNvaWVLNlpwb3BrZWpaM3VNRTl6VTZKcmZKRXAKbGZNUDdDUU5KZy95S2FjbkEzcEE2NXM9Ci0tLS0tRU5EIENFUlRJRklDQVRFLS0tLS0K\r\n    server: https://34.79.34.202\r\n  name: nkg-backstage-cluster-prod\r\ncontexts:\r\n- context:\r\n    cluster: nkg-backstage-cluster-prod\r\n    user: nkg-backstage-cluster-prod\r\n  name: nkg-backstage-cluster-prod\r\ncurrent-context: nkg-backstage-cluster-prod\r\nkind: Config\r\npreferences: {}\r\nusers:\r\n- name: nkg-backstage-cluster-prod\r\n  user:\r\n    token: ya29.a0ARrdaM8p9URX5uUfk-Djn1tnX5aKApZIrH8zAZT7jR_YJ9rCQ_3BPmxnGlJiFewnns_MTtgEWYV2KsOTndhnttRUpD0dNAjZg8mQqua-fcF1fcTN0H6L38hdKzoFZrZ7wJ_lmqHkhxdoq0AmFD61KMfqfJ30dQ\r\n",
            "content_base64": null,
            "directory_permission": "0777",
            "file_permission": "0777",
            "filename": "kubeconfig-prod",
            "id": "b12fe59430394c395f92f8b8be5dffc138cd3d31",
            "sensitive_content": null,
            "source": null
          },
          "sensitive_attributes": [
            [
              {
                "type": "get_attr",
                "value": "content"
              }
            ]
          ],
          "private": "bnVsbA==",
          "dependencies": [
            "module.gcp-network.module.subnets.google_compute_subnetwork.subnetwork",
            "module.gcp-network.module.vpc.google_compute_network.network",
            "module.gke.data.google_compute_subnetwork.gke_subnetwork",
            "module.gke.data.google_compute_zones.available",
            "module.gke.data.google_container_engine_versions.region",
            "module.gke.data.google_container_engine_versions.zone",
            "module.gke.google_compute_firewall.intra_egress",
            "module.gke.google_compute_firewall.master_webhooks",
            "module.gke.google_compute_firewall.shadow_allow_master",
            "module.gke.google_compute_firewall.shadow_allow_nodes",
            "module.gke.google_compute_firewall.shadow_allow_pods",
            "module.gke.google_container_cluster.primary",
            "module.gke.google_container_node_pool.pools",
            "module.gke.google_project_iam_member.cluster_service_account-artifact-registry",
            "module.gke.google_project_iam_member.cluster_service_account-gcr",
            "module.gke.google_project_iam_member.cluster_service_account-log_writer",
            "module.gke.google_project_iam_member.cluster_service_account-metric_writer",
            "module.gke.google_project_iam_member.cluster_service_account-monitoring_viewer",
            "module.gke.google_project_iam_member.cluster_service_account-resourceMetadata-writer",
            "module.gke.google_service_account.cluster_service_account",
            "module.gke.kubernetes_config_map.ip-masq-agent",
            "module.gke.kubernetes_config_map.kube-dns",
            "module.gke.kubernetes_config_map.kube-dns-upstream-nameservers-and-stub-domains",
            "module.gke.kubernetes_config_map.kube-dns-upstream-namservers",
            "module.gke.module.gcloud_delete_default_kube_dns_configmap.module.gcloud_kubectl.data.external.env_override",
            "module.gke.module.gcloud_delete_default_kube_dns_configmap.module.gcloud_kubectl.null_resource.additional_components",
            "module.gke.module.gcloud_delete_default_kube_dns_configmap.module.gcloud_kubectl.null_resource.additional_components_destroy",
            "module.gke.module.gcloud_delete_default_kube_dns_configmap.module.gcloud_kubectl.null_resource.decompress",
            "module.gke.module.gcloud_delete_default_kube_dns_configmap.module.gcloud_kubectl.null_resource.decompress_destroy",
            "module.gke.module.gcloud_delete_default_kube_dns_configmap.module.gcloud_kubectl.null_resource.download_gcloud",
            "module.gke.module.gcloud_delete_default_kube_dns_configmap.module.gcloud_kubectl.null_resource.download_jq",
            "module.gke.module.gcloud_delete_default_kube_dns_configmap.module.gcloud_kubectl.null_resource.gcloud_auth_google_credentials",
            "module.gke.module.gcloud_delete_default_kube_dns_configmap.module.gcloud_kubectl.null_resource.gcloud_auth_google_credentials_destroy",
            "module.gke.module.gcloud_delete_default_kube_dns_configmap.module.gcloud_kubectl.null_resource.gcloud_auth_service_account_key_file",
            "module.gke.module.gcloud_delete_default_kube_dns_configmap.module.gcloud_kubectl.null_resource.gcloud_auth_service_account_key_file_destroy",
            "module.gke.module.gcloud_delete_default_kube_dns_configmap.module.gcloud_kubectl.null_resource.module_depends_on",
            "module.gke.module.gcloud_delete_default_kube_dns_configmap.module.gcloud_kubectl.null_resource.prepare_cache",
            "module.gke.module.gcloud_delete_default_kube_dns_configmap.module.gcloud_kubectl.null_resource.run_command",
            "module.gke.module.gcloud_delete_default_kube_dns_configmap.module.gcloud_kubectl.null_resource.run_destroy_command",
            "module.gke.module.gcloud_delete_default_kube_dns_configmap.module.gcloud_kubectl.null_resource.upgrade",
            "module.gke.module.gcloud_delete_default_kube_dns_configmap.module.gcloud_kubectl.null_resource.upgrade_destroy",
            "module.gke.module.gcloud_delete_default_kube_dns_configmap.module.gcloud_kubectl.random_id.cache",
            "module.gke.random_shuffle.available_zones",
            "module.gke.random_string.cluster_service_account_suffix",
            "module.gke_auth.data.template_file.kubeconfig"
          ]
        }
      ]
    },
    {
      "module": "module.gcp-network.module.subnets",
      "mode": "managed",
      "type": "google_compute_subnetwork",
      "name": "subnetwork",
      "provider": "provider[\"registry.terraform.io/hashicorp/google\"]",
      "instances": [
        {
          "index_key": "europe-west1/gke-subnet-prod",
          "schema_version": 0,
          "attributes": {
            "creation_timestamp": "2021-12-14T22:56:46.765-08:00",
            "description": "",
            "fingerprint": null,
            "gateway_address": "10.10.0.1",
            "id": "projects/nkg-backstage/regions/europe-west1/subnetworks/gke-subnet-prod",
            "ip_cidr_range": "10.10.0.0/16",
            "log_config": [],
            "name": "gke-subnet-prod",
            "network": "https://www.googleapis.com/compute/v1/projects/nkg-backstage/global/networks/gke-network-prod",
            "private_ip_google_access": false,
            "project": "nkg-backstage",
            "region": "europe-west1",
            "secondary_ip_range": [
              {
                "ip_cidr_range": "10.20.0.0/16",
                "range_name": "ip-range-pods"
              },
              {
                "ip_cidr_range": "10.30.0.0/16",
                "range_name": "ip-range-services"
              }
            ],
            "self_link": "https://www.googleapis.com/compute/v1/projects/nkg-backstage/regions/europe-west1/subnetworks/gke-subnet-prod",
            "timeouts": null
          },
          "sensitive_attributes": [],
          "private": "eyJlMmJmYjczMC1lY2FhLTExZTYtOGY4OC0zNDM2M2JjN2M0YzAiOnsiY3JlYXRlIjozNjAwMDAwMDAwMDAsImRlbGV0ZSI6MzYwMDAwMDAwMDAwLCJ1cGRhdGUiOjM2MDAwMDAwMDAwMH19",
          "dependencies": [
            "module.gcp-network.module.vpc.google_compute_network.network"
          ]
        }
      ]
    },
    {
      "module": "module.gcp-network.module.vpc",
      "mode": "managed",
      "type": "google_compute_network",
      "name": "network",
      "provider": "provider[\"registry.terraform.io/hashicorp/google\"]",
      "instances": [
        {
          "schema_version": 0,
          "attributes": {
            "auto_create_subnetworks": false,
            "delete_default_routes_on_create": false,
            "description": "",
            "gateway_ipv4": "",
            "id": "projects/nkg-backstage/global/networks/gke-network-prod",
            "name": "gke-network-prod",
            "project": "nkg-backstage",
            "routing_mode": "GLOBAL",
            "self_link": "https://www.googleapis.com/compute/v1/projects/nkg-backstage/global/networks/gke-network-prod",
            "timeouts": null
          },
          "sensitive_attributes": [],
          "private": "eyJlMmJmYjczMC1lY2FhLTExZTYtOGY4OC0zNDM2M2JjN2M0YzAiOnsiY3JlYXRlIjoyNDAwMDAwMDAwMDAsImRlbGV0ZSI6MjQwMDAwMDAwMDAwLCJ1cGRhdGUiOjI0MDAwMDAwMDAwMH19"
        }
      ]
    },
    {
      "module": "module.gke",
      "mode": "data",
      "type": "google_compute_zones",
      "name": "available",
      "provider": "provider[\"registry.terraform.io/hashicorp/google\"]",
      "instances": [
        {
          "schema_version": 0,
          "attributes": {
            "id": "projects/nkg-backstage/regions/europe-west1",
            "names": [
              "europe-west1-b",
              "europe-west1-c",
              "europe-west1-d"
            ],
            "project": "nkg-backstage",
            "region": "europe-west1",
            "status": null
          },
          "sensitive_attributes": []
        }
      ]
    },
    {
      "module": "module.gke",
      "mode": "data",
      "type": "google_container_engine_versions",
      "name": "region",
      "provider": "provider[\"registry.terraform.io/hashicorp/google\"]",
      "instances": [
        {
          "schema_version": 0,
          "attributes": {
            "default_cluster_version": "1.21.5-gke.1302",
            "id": "2021-12-15 17:59:15.6147145 +0000 UTC",
            "latest_master_version": "1.21.6-gke.1500",
            "latest_node_version": "1.21.6-gke.1500",
            "location": "europe-west1",
            "project": "nkg-backstage",
            "release_channel_default_version": {
              "RAPID": "1.22.3-gke.700",
              "REGULAR": "1.21.5-gke.1302",
              "STABLE": "1.20.11-gke.1300"
            },
            "valid_master_versions": [
              "1.21.6-gke.1500",
              "1.21.5-gke.1802",
              "1.21.5-gke.1302",
              "1.20.12-gke.1500",
              "1.20.11-gke.1801",
              "1.20.11-gke.1300",
              "1.20.10-gke.2100",
              "1.20.10-gke.1600",
              "1.19.16-gke.1500",
              "1.19.15-gke.1801",
              "1.19.15-gke.1300"
            ],
            "valid_node_versions": [
              "1.21.6-gke.1500",
              "1.21.5-gke.1802",
              "1.21.5-gke.1302",
              "1.21.5-gke.1300",
              "1.21.4-gke.2302",
              "1.21.4-gke.2300",
              "1.21.3-gke.2003",
              "1.21.3-gke.2001",
              "1.20.12-gke.1500",
              "1.20.11-gke.1801",
              "1.20.11-gke.1300",
              "1.20.10-gke.2100",
              "1.20.10-gke.1600",
              "1.20.10-gke.301",
              "1.20.9-gke.2100",
              "1.20.9-gke.1001",
              "1.20.9-gke.1000",
              "1.20.9-gke.701",
              "1.20.9-gke.700",
              "1.20.8-gke.2101",
              "1.20.8-gke.2100",
              "1.20.8-gke.900",
              "1.20.8-gke.700",
              "1.20.7-gke.2200",
              "1.20.7-gke.1800",
              "1.20.6-gke.1400",
              "1.20.6-gke.1000",
              "1.19.16-gke.1500",
              "1.19.15-gke.1801",
              "1.19.15-gke.1300",
              "1.19.15-gke.500",
              "1.19.14-gke.2300",
              "1.19.14-gke.1900",
              "1.19.14-gke.301",
              "1.19.14-gke.300",
              "1.19.13-gke.1900",
              "1.19.13-gke.1200",
              "1.19.13-gke.701",
              "1.19.13-gke.700",
              "1.19.12-gke.2101",
              "1.19.12-gke.2100",
              "1.19.12-gke.1100",
              "1.19.12-gke.900",
              "1.19.12-gke.700",
              "1.19.11-gke.2101",
              "1.19.11-gke.2100",
              "1.19.11-gke.1701",
              "1.19.11-gke.1700",
              "1.19.10-gke.1701",
              "1.19.10-gke.1700",
              "1.19.10-gke.1601",
              "1.19.10-gke.1600",
              "1.19.10-gke.1001",
              "1.19.10-gke.1000",
              "1.19.9-gke.1900",
              "1.19.9-gke.1400",
              "1.19.9-gke.700",
              "1.19.9-gke.100",
              "1.19.8-gke.2000",
              "1.19.8-gke.1600",
              "1.19.8-gke.1000",
              "1.19.7-gke.2503",
              "1.19.7-gke.1500",
              "1.19.7-gke.1302",
              "1.19.7-gke.800",
              "1.19.6-gke.1700",
              "1.19.6-gke.1100",
              "1.19.6-gke.600",
              "1.18.20-gke.6000",
              "1.18.20-gke.4501",
              "1.18.20-gke.4500",
              "1.18.20-gke.4100",
              "1.18.20-gke.3300",
              "1.18.20-gke.3001",
              "1.18.20-gke.3000",
              "1.18.20-gke.2300",
              "1.18.20-gke.901",
              "1.18.20-gke.900",
              "1.18.20-gke.501",
              "1.18.19-gke.2101",
              "1.18.19-gke.2100",
              "1.18.19-gke.1701",
              "1.18.19-gke.1700",
              "1.18.18-gke.1701",
              "1.18.18-gke.1700",
              "1.18.18-gke.1101",
              "1.18.18-gke.1100",
              "1.18.17-gke.1901",
              "1.18.17-gke.1900",
              "1.18.17-gke.1201",
              "1.18.17-gke.1200",
              "1.18.17-gke.700",
              "1.18.17-gke.100",
              "1.18.16-gke.2100",
              "1.18.16-gke.1201",
              "1.18.16-gke.1200",
              "1.18.16-gke.502",
              "1.18.16-gke.500",
              "1.18.16-gke.302",
              "1.18.16-gke.300",
              "1.18.15-gke.2500",
              "1.18.15-gke.1502",
              "1.18.15-gke.1501",
              "1.18.15-gke.1500",
              "1.18.15-gke.1102",
              "1.18.15-gke.1100",
              "1.18.15-gke.800",
              "1.18.14-gke.1600",
              "1.18.14-gke.1200",
              "1.18.12-gke.1210",
              "1.18.12-gke.1206",
              "1.18.12-gke.1205",
              "1.18.12-gke.1201",
              "1.18.12-gke.1200",
              "1.18.12-gke.300",
              "1.18.10-gke.2701",
              "1.18.10-gke.2101",
              "1.18.10-gke.1500",
              "1.18.10-gke.601",
              "1.18.9-gke.2501",
              "1.18.9-gke.1501",
              "1.18.9-gke.801",
              "1.18.6-gke.4801",
              "1.18.6-gke.3504",
              "1.18.6-gke.3503",
              "1.17.17-gke.9100",
              "1.17.17-gke.8500",
              "1.17.17-gke.8200",
              "1.17.17-gke.7800",
              "1.17.17-gke.7200",
              "1.17.17-gke.6700",
              "1.17.17-gke.6000",
              "1.17.17-gke.5400",
              "1.17.17-gke.4900",
              "1.17.17-gke.4400",
              "1.17.17-gke.3700",
              "1.17.17-gke.3000",
              "1.17.17-gke.2800",
              "1.17.17-gke.2500",
              "1.17.17-gke.1500",
              "1.17.17-gke.1101",
              "1.17.17-gke.1100",
              "1.17.17-gke.600",
              "1.17.16-gke.1600",
              "1.17.16-gke.1300",
              "1.17.15-gke.800",
              "1.17.15-gke.300",
              "1.17.14-gke.1600",
              "1.17.14-gke.1200",
              "1.17.14-gke.400",
              "1.17.13-gke.2600",
              "1.17.13-gke.2001",
              "1.17.13-gke.1401",
              "1.17.13-gke.1400",
              "1.17.13-gke.600",
              "1.17.12-gke.2502",
              "1.17.12-gke.1504",
              "1.17.12-gke.1501",
              "1.17.12-gke.500",
              "1.17.9-gke.6300",
              "1.17.9-gke.1504",
              "1.16.15-gke.14800",
              "1.16.15-gke.12500",
              "1.16.15-gke.11800",
              "1.16.15-gke.10600",
              "1.16.15-gke.7801",
              "1.16.15-gke.7800",
              "1.16.15-gke.7300",
              "1.16.15-gke.6900",
              "1.16.15-gke.6000",
              "1.16.15-gke.5500",
              "1.16.15-gke.4901",
              "1.16.15-gke.4301",
              "1.16.15-gke.4300",
              "1.16.15-gke.3500",
              "1.16.15-gke.2601",
              "1.16.15-gke.1600",
              "1.16.15-gke.500",
              "1.16.13-gke.404",
              "1.16.13-gke.403",
              "1.16.13-gke.401",
              "1.16.13-gke.400",
              "1.16.13-gke.1",
              "1.16.11-gke.5",
              "1.16.10-gke.8",
              "1.16.9-gke.6",
              "1.16.9-gke.2",
              "1.16.8-gke.15",
              "1.16.8-gke.12",
              "1.16.8-gke.9",
              "1.15.12-gke.6002",
              "1.15.12-gke.6001",
              "1.15.12-gke.5000",
              "1.15.12-gke.4002",
              "1.15.12-gke.4000",
              "1.15.12-gke.20",
              "1.15.12-gke.17",
              "1.15.12-gke.16",
              "1.15.12-gke.13",
              "1.15.12-gke.9",
              "1.15.12-gke.6",
              "1.15.12-gke.3",
              "1.15.12-gke.2",
              "1.15.11-gke.17",
              "1.15.11-gke.15",
              "1.15.11-gke.13",
              "1.15.11-gke.12",
              "1.15.11-gke.11",
              "1.15.11-gke.9",
              "1.15.11-gke.5",
              "1.15.11-gke.3",
              "1.15.11-gke.1",
              "1.15.9-gke.26",
              "1.15.9-gke.24",
              "1.15.9-gke.22",
              "1.15.9-gke.12",
              "1.15.9-gke.9",
              "1.15.9-gke.8",
              "1.15.8-gke.3",
              "1.15.8-gke.2",
              "1.15.7-gke.23",
              "1.15.7-gke.2",
              "1.15.4-gke.22",
              "1.14.10-gke.1504",
              "1.14.10-gke.902",
              "1.14.10-gke.50",
              "1.14.10-gke.46",
              "1.14.10-gke.45",
              "1.14.10-gke.42",
              "1.14.10-gke.41",
              "1.14.10-gke.40",
              "1.14.10-gke.37",
              "1.14.10-gke.36",
              "1.14.10-gke.34",
              "1.14.10-gke.32",
              "1.14.10-gke.31",
              "1.14.10-gke.27",
              "1.14.10-gke.24",
              "1.14.10-gke.22",
              "1.14.10-gke.21",
              "1.14.10-gke.17",
              "1.14.10-gke.0",
              "1.14.9-gke.23",
              "1.14.9-gke.2",
              "1.14.9-gke.0",
              "1.14.8-gke.33",
              "1.14.8-gke.21",
              "1.14.8-gke.18",
              "1.14.8-gke.17",
              "1.14.8-gke.14",
              "1.14.8-gke.12",
              "1.14.8-gke.7",
              "1.14.8-gke.2",
              "1.14.7-gke.40",
              "1.14.7-gke.25",
              "1.14.7-gke.23",
              "1.14.7-gke.17",
              "1.14.7-gke.14",
              "1.14.7-gke.10",
              "1.14.6-gke.13",
              "1.14.6-gke.2",
              "1.14.6-gke.1",
              "1.14.3-gke.11",
              "1.14.3-gke.10",
              "1.14.3-gke.9",
              "1.14.2-gke.9",
              "1.14.1-gke.5",
              "1.13.12-gke.30",
              "1.13.12-gke.25",
              "1.13.12-gke.17",
              "1.13.12-gke.16",
              "1.13.12-gke.14",
              "1.13.12-gke.13",
              "1.13.12-gke.10",
              "1.13.12-gke.8",
              "1.13.12-gke.4",
              "1.13.12-gke.2",
              "1.13.11-gke.23",
              "1.13.11-gke.15",
              "1.13.11-gke.14",
              "1.13.11-gke.12",
              "1.13.11-gke.11",
              "1.13.11-gke.9",
              "1.13.11-gke.5",
              "1.13.10-gke.7",
              "1.13.10-gke.0",
              "1.13.9-gke.11",
              "1.13.9-gke.3",
              "1.13.7-gke.24",
              "1.13.7-gke.19",
              "1.13.7-gke.15",
              "1.13.7-gke.8",
              "1.13.7-gke.0",
              "1.13.6-gke.13",
              "1.13.6-gke.6",
              "1.13.6-gke.5",
              "1.13.6-gke.0",
              "1.13.5-gke.10",
              "1.12.10-gke.22",
              "1.12.10-gke.20",
              "1.12.10-gke.19",
              "1.12.10-gke.18",
              "1.12.10-gke.17",
              "1.12.10-gke.15",
              "1.12.10-gke.13",
              "1.12.10-gke.11",
              "1.12.10-gke.5",
              "1.12.9-gke.16",
              "1.12.9-gke.15",
              "1.12.9-gke.13",
              "1.12.9-gke.10",
              "1.12.9-gke.7",
              "1.12.9-gke.3",
              "1.12.8-gke.12",
              "1.12.8-gke.10",
              "1.12.8-gke.7",
              "1.12.8-gke.6",
              "1.12.7-gke.26",
              "1.12.7-gke.25",
              "1.12.7-gke.24",
              "1.12.7-gke.22",
              "1.12.7-gke.21",
              "1.12.7-gke.17",
              "1.12.7-gke.10",
              "1.12.7-gke.7",
              "1.12.6-gke.11",
              "1.12.6-gke.10",
              "1.12.6-gke.7",
              "1.12.5-gke.10",
              "1.12.5-gke.5",
              "1.11.10-gke.6",
              "1.11.10-gke.5"
            ],
            "version_prefix": null
          },
          "sensitive_attributes": []
        }
      ]
    },
    {
      "module": "module.gke",
      "mode": "data",
      "type": "google_container_engine_versions",
      "name": "zone",
      "provider": "provider[\"registry.terraform.io/hashicorp/google\"]",
      "instances": [
        {
          "schema_version": 0,
          "attributes": {
            "default_cluster_version": "1.21.5-gke.1302",
            "id": "2021-12-15 17:59:16.8968902 +0000 UTC",
            "latest_master_version": "1.21.6-gke.1500",
            "latest_node_version": "1.21.6-gke.1500",
            "location": "europe-west1-b",
            "project": "nkg-backstage",
            "release_channel_default_version": {
              "RAPID": "1.22.3-gke.700",
              "REGULAR": "1.21.5-gke.1302",
              "STABLE": "1.20.11-gke.1300"
            },
            "valid_master_versions": [
              "1.21.6-gke.1500",
              "1.21.5-gke.1802",
              "1.21.5-gke.1302",
              "1.20.12-gke.1500",
              "1.20.11-gke.1801",
              "1.20.11-gke.1300",
              "1.20.10-gke.2100",
              "1.20.10-gke.1600",
              "1.19.16-gke.1500",
              "1.19.15-gke.1801",
              "1.19.15-gke.1300"
            ],
            "valid_node_versions": [
              "1.21.6-gke.1500",
              "1.21.5-gke.1802",
              "1.21.5-gke.1302",
              "1.21.5-gke.1300",
              "1.21.4-gke.2302",
              "1.21.4-gke.2300",
              "1.21.3-gke.2003",
              "1.21.3-gke.2001",
              "1.20.12-gke.1500",
              "1.20.11-gke.1801",
              "1.20.11-gke.1300",
              "1.20.10-gke.2100",
              "1.20.10-gke.1600",
              "1.20.10-gke.301",
              "1.20.9-gke.2100",
              "1.20.9-gke.1001",
              "1.20.9-gke.1000",
              "1.20.9-gke.701",
              "1.20.9-gke.700",
              "1.20.8-gke.2101",
              "1.20.8-gke.2100",
              "1.20.8-gke.900",
              "1.20.8-gke.700",
              "1.20.7-gke.2200",
              "1.20.7-gke.1800",
              "1.20.6-gke.1400",
              "1.20.6-gke.1000",
              "1.19.16-gke.1500",
              "1.19.15-gke.1801",
              "1.19.15-gke.1300",
              "1.19.15-gke.500",
              "1.19.14-gke.2300",
              "1.19.14-gke.1900",
              "1.19.14-gke.301",
              "1.19.14-gke.300",
              "1.19.13-gke.1900",
              "1.19.13-gke.1200",
              "1.19.13-gke.701",
              "1.19.13-gke.700",
              "1.19.12-gke.2101",
              "1.19.12-gke.2100",
              "1.19.12-gke.1100",
              "1.19.12-gke.900",
              "1.19.12-gke.700",
              "1.19.11-gke.2101",
              "1.19.11-gke.2100",
              "1.19.11-gke.1701",
              "1.19.11-gke.1700",
              "1.19.10-gke.1701",
              "1.19.10-gke.1700",
              "1.19.10-gke.1601",
              "1.19.10-gke.1600",
              "1.19.10-gke.1001",
              "1.19.10-gke.1000",
              "1.19.9-gke.1900",
              "1.19.9-gke.1400",
              "1.19.9-gke.700",
              "1.19.9-gke.100",
              "1.19.8-gke.2000",
              "1.19.8-gke.1600",
              "1.19.8-gke.1000",
              "1.19.7-gke.2503",
              "1.19.7-gke.1500",
              "1.19.7-gke.1302",
              "1.19.7-gke.800",
              "1.19.6-gke.1700",
              "1.19.6-gke.1100",
              "1.19.6-gke.600",
              "1.18.20-gke.6000",
              "1.18.20-gke.4501",
              "1.18.20-gke.4500",
              "1.18.20-gke.4100",
              "1.18.20-gke.3300",
              "1.18.20-gke.3001",
              "1.18.20-gke.3000",
              "1.18.20-gke.2300",
              "1.18.20-gke.901",
              "1.18.20-gke.900",
              "1.18.20-gke.501",
              "1.18.19-gke.2101",
              "1.18.19-gke.2100",
              "1.18.19-gke.1701",
              "1.18.19-gke.1700",
              "1.18.18-gke.1701",
              "1.18.18-gke.1700",
              "1.18.18-gke.1101",
              "1.18.18-gke.1100",
              "1.18.17-gke.1901",
              "1.18.17-gke.1900",
              "1.18.17-gke.1201",
              "1.18.17-gke.1200",
              "1.18.17-gke.700",
              "1.18.17-gke.100",
              "1.18.16-gke.2100",
              "1.18.16-gke.1201",
              "1.18.16-gke.1200",
              "1.18.16-gke.502",
              "1.18.16-gke.500",
              "1.18.16-gke.302",
              "1.18.16-gke.300",
              "1.18.15-gke.2500",
              "1.18.15-gke.1502",
              "1.18.15-gke.1501",
              "1.18.15-gke.1500",
              "1.18.15-gke.1102",
              "1.18.15-gke.1100",
              "1.18.15-gke.800",
              "1.18.14-gke.1600",
              "1.18.14-gke.1200",
              "1.18.12-gke.1210",
              "1.18.12-gke.1206",
              "1.18.12-gke.1205",
              "1.18.12-gke.1201",
              "1.18.12-gke.1200",
              "1.18.12-gke.300",
              "1.18.10-gke.2701",
              "1.18.10-gke.2101",
              "1.18.10-gke.1500",
              "1.18.10-gke.601",
              "1.18.9-gke.2501",
              "1.18.9-gke.1501",
              "1.18.9-gke.801",
              "1.18.6-gke.4801",
              "1.18.6-gke.3504",
              "1.18.6-gke.3503",
              "1.17.17-gke.9100",
              "1.17.17-gke.8500",
              "1.17.17-gke.8200",
              "1.17.17-gke.7800",
              "1.17.17-gke.7200",
              "1.17.17-gke.6700",
              "1.17.17-gke.6000",
              "1.17.17-gke.5400",
              "1.17.17-gke.4900",
              "1.17.17-gke.4400",
              "1.17.17-gke.3700",
              "1.17.17-gke.3000",
              "1.17.17-gke.2800",
              "1.17.17-gke.2500",
              "1.17.17-gke.1500",
              "1.17.17-gke.1101",
              "1.17.17-gke.1100",
              "1.17.17-gke.600",
              "1.17.16-gke.1600",
              "1.17.16-gke.1300",
              "1.17.15-gke.800",
              "1.17.15-gke.300",
              "1.17.14-gke.1600",
              "1.17.14-gke.1200",
              "1.17.14-gke.400",
              "1.17.13-gke.2600",
              "1.17.13-gke.2001",
              "1.17.13-gke.1401",
              "1.17.13-gke.1400",
              "1.17.13-gke.600",
              "1.17.12-gke.2502",
              "1.17.12-gke.1504",
              "1.17.12-gke.1501",
              "1.17.12-gke.500",
              "1.17.9-gke.6300",
              "1.17.9-gke.1504",
              "1.16.15-gke.14800",
              "1.16.15-gke.12500",
              "1.16.15-gke.11800",
              "1.16.15-gke.10600",
              "1.16.15-gke.7801",
              "1.16.15-gke.7800",
              "1.16.15-gke.7300",
              "1.16.15-gke.6900",
              "1.16.15-gke.6000",
              "1.16.15-gke.5500",
              "1.16.15-gke.4901",
              "1.16.15-gke.4301",
              "1.16.15-gke.4300",
              "1.16.15-gke.3500",
              "1.16.15-gke.2601",
              "1.16.15-gke.1600",
              "1.16.15-gke.500",
              "1.16.13-gke.404",
              "1.16.13-gke.403",
              "1.16.13-gke.401",
              "1.16.13-gke.400",
              "1.16.13-gke.1",
              "1.16.11-gke.5",
              "1.16.10-gke.8",
              "1.16.9-gke.6",
              "1.16.9-gke.2",
              "1.16.8-gke.15",
              "1.16.8-gke.12",
              "1.16.8-gke.9",
              "1.15.12-gke.6002",
              "1.15.12-gke.6001",
              "1.15.12-gke.5000",
              "1.15.12-gke.4002",
              "1.15.12-gke.4000",
              "1.15.12-gke.20",
              "1.15.12-gke.17",
              "1.15.12-gke.16",
              "1.15.12-gke.13",
              "1.15.12-gke.9",
              "1.15.12-gke.6",
              "1.15.12-gke.3",
              "1.15.12-gke.2",
              "1.15.11-gke.17",
              "1.15.11-gke.15",
              "1.15.11-gke.13",
              "1.15.11-gke.12",
              "1.15.11-gke.11",
              "1.15.11-gke.9",
              "1.15.11-gke.5",
              "1.15.11-gke.3",
              "1.15.11-gke.1",
              "1.15.9-gke.26",
              "1.15.9-gke.24",
              "1.15.9-gke.22",
              "1.15.9-gke.12",
              "1.15.9-gke.9",
              "1.15.9-gke.8",
              "1.15.8-gke.3",
              "1.15.8-gke.2",
              "1.15.7-gke.23",
              "1.15.7-gke.2",
              "1.15.4-gke.22",
              "1.14.10-gke.1504",
              "1.14.10-gke.902",
              "1.14.10-gke.50",
              "1.14.10-gke.46",
              "1.14.10-gke.45",
              "1.14.10-gke.42",
              "1.14.10-gke.41",
              "1.14.10-gke.40",
              "1.14.10-gke.37",
              "1.14.10-gke.36",
              "1.14.10-gke.34",
              "1.14.10-gke.32",
              "1.14.10-gke.31",
              "1.14.10-gke.27",
              "1.14.10-gke.24",
              "1.14.10-gke.22",
              "1.14.10-gke.21",
              "1.14.10-gke.17",
              "1.14.10-gke.0",
              "1.14.9-gke.23",
              "1.14.9-gke.2",
              "1.14.9-gke.0",
              "1.14.8-gke.33",
              "1.14.8-gke.21",
              "1.14.8-gke.18",
              "1.14.8-gke.17",
              "1.14.8-gke.14",
              "1.14.8-gke.12",
              "1.14.8-gke.7",
              "1.14.8-gke.2",
              "1.14.7-gke.40",
              "1.14.7-gke.25",
              "1.14.7-gke.23",
              "1.14.7-gke.17",
              "1.14.7-gke.14",
              "1.14.7-gke.10",
              "1.14.6-gke.13",
              "1.14.6-gke.2",
              "1.14.6-gke.1",
              "1.14.3-gke.11",
              "1.14.3-gke.10",
              "1.14.3-gke.9",
              "1.14.2-gke.9",
              "1.14.1-gke.5",
              "1.13.12-gke.30",
              "1.13.12-gke.25",
              "1.13.12-gke.17",
              "1.13.12-gke.16",
              "1.13.12-gke.14",
              "1.13.12-gke.13",
              "1.13.12-gke.10",
              "1.13.12-gke.8",
              "1.13.12-gke.4",
              "1.13.12-gke.2",
              "1.13.11-gke.23",
              "1.13.11-gke.15",
              "1.13.11-gke.14",
              "1.13.11-gke.12",
              "1.13.11-gke.11",
              "1.13.11-gke.9",
              "1.13.11-gke.5",
              "1.13.10-gke.7",
              "1.13.10-gke.0",
              "1.13.9-gke.11",
              "1.13.9-gke.3",
              "1.13.7-gke.24",
              "1.13.7-gke.19",
              "1.13.7-gke.15",
              "1.13.7-gke.8",
              "1.13.7-gke.0",
              "1.13.6-gke.13",
              "1.13.6-gke.6",
              "1.13.6-gke.5",
              "1.13.6-gke.0",
              "1.13.5-gke.10",
              "1.12.10-gke.22",
              "1.12.10-gke.20",
              "1.12.10-gke.19",
              "1.12.10-gke.18",
              "1.12.10-gke.17",
              "1.12.10-gke.15",
              "1.12.10-gke.13",
              "1.12.10-gke.11",
              "1.12.10-gke.5",
              "1.12.9-gke.16",
              "1.12.9-gke.15",
              "1.12.9-gke.13",
              "1.12.9-gke.10",
              "1.12.9-gke.7",
              "1.12.9-gke.3",
              "1.12.8-gke.12",
              "1.12.8-gke.10",
              "1.12.8-gke.7",
              "1.12.8-gke.6",
              "1.12.7-gke.26",
              "1.12.7-gke.25",
              "1.12.7-gke.24",
              "1.12.7-gke.22",
              "1.12.7-gke.21",
              "1.12.7-gke.17",
              "1.12.7-gke.10",
              "1.12.7-gke.7",
              "1.12.6-gke.11",
              "1.12.6-gke.10",
              "1.12.6-gke.7",
              "1.12.5-gke.10",
              "1.12.5-gke.5",
              "1.11.10-gke.6",
              "1.11.10-gke.5"
            ],
            "version_prefix": null
          },
          "sensitive_attributes": []
        }
      ]
    },
    {
      "module": "module.gke",
      "mode": "managed",
      "type": "google_container_cluster",
      "name": "primary",
      "provider": "provider[\"registry.terraform.io/hashicorp/google\"]",
      "instances": [
        {
          "schema_version": 1,
          "attributes": {
            "addons_config": [
              {
                "cloudrun_config": [],
                "horizontal_pod_autoscaling": [
                  {
                    "disabled": false
                  }
                ],
                "http_load_balancing": [
                  {
                    "disabled": false
                  }
                ],
                "network_policy_config": [
                  {
                    "disabled": true
                  }
                ]
              }
            ],
            "authenticator_groups_config": [],
            "cluster_autoscaling": [
              {
                "auto_provisioning_defaults": [],
                "enabled": false,
                "resource_limits": []
              }
            ],
            "cluster_ipv4_cidr": "10.20.0.0/16",
            "database_encryption": [
              {
                "key_name": "",
                "state": "DECRYPTED"
              }
            ],
            "default_max_pods_per_node": 110,
            "description": "",
            "enable_binary_authorization": false,
            "enable_intranode_visibility": null,
            "enable_kubernetes_alpha": false,
            "enable_legacy_abac": false,
            "enable_shielded_nodes": true,
            "enable_tpu": null,
            "endpoint": "34.79.34.202",
            "id": "projects/nkg-backstage/locations/europe-west1/clusters/nkg-backstage-cluster-prod",
            "initial_node_count": 0,
            "instance_group_urls": [
              "https://www.googleapis.com/compute/v1/projects/nkg-backstage/zones/europe-west1-b/instanceGroups/gke-nkg-backstage-cluste-default-pool-499888e7-grp",
              "https://www.googleapis.com/compute/v1/projects/nkg-backstage/zones/europe-west1-c/instanceGroups/gke-nkg-backstage-cluste-default-pool-673836aa-grp",
              "https://www.googleapis.com/compute/v1/projects/nkg-backstage/zones/europe-west1-d/instanceGroups/gke-nkg-backstage-cluste-default-pool-3dd37bc4-grp",
              "https://www.googleapis.com/compute/v1/projects/nkg-backstage/zones/europe-west1-b/instanceGroups/gke-nkg-backstage-cluster-p-node-pool-b45a399b-grp",
              "https://www.googleapis.com/compute/v1/projects/nkg-backstage/zones/europe-west1-c/instanceGroups/gke-nkg-backstage-cluster-p-node-pool-eada6e88-grp",
              "https://www.googleapis.com/compute/v1/projects/nkg-backstage/zones/europe-west1-d/instanceGroups/gke-nkg-backstage-cluster-p-node-pool-879b67d3-grp"
            ],
            "ip_allocation_policy": [
              {
                "cluster_ipv4_cidr_block": "10.20.0.0/16",
                "cluster_secondary_range_name": "ip-range-pods",
                "services_ipv4_cidr_block": "10.30.0.0/16",
                "services_secondary_range_name": "ip-range-services"
              }
            ],
            "label_fingerprint": "a9dc16a7",
            "location": "europe-west1",
            "logging_service": "logging.googleapis.com/kubernetes",
            "maintenance_policy": [
              {
                "daily_maintenance_window": [
                  {
                    "duration": "PT4H0M0S",
                    "start_time": "05:00"
                  }
                ],
                "recurring_window": []
              }
            ],
            "master_auth": [
              {
                "client_certificate": "",
                "client_certificate_config": [
                  {
                    "issue_client_certificate": false
                  }
                ],
                "client_key": "",
                "cluster_ca_certificate": "LS0tLS1CRUdJTiBDRVJUSUZJQ0FURS0tLS0tCk1JSUVMVENDQXBXZ0F3SUJBZ0lSQUp6c3VKTG5iSkdNSUhZYlg1TTJEL0F3RFFZSktvWklodmNOQVFFTEJRQXcKTHpFdE1Dc0dBMVVFQXhNa09HSmlabU15TlRNdFlXWTFaQzAwWWpjeExXRmpZbUl0TkdReE1qRmtNVE14WVRsbApNQ0FYRFRJeE1USXhOVEEyTVRJek9Wb1lEekl3TlRFeE1qQTRNRGN4TWpNNVdqQXZNUzB3S3dZRFZRUURFeVE0ClltSm1ZekkxTXkxaFpqVmtMVFJpTnpFdFlXTmlZaTAwWkRFeU1XUXhNekZoT1dVd2dnR2lNQTBHQ1NxR1NJYjMKRFFFQkFRVUFBNElCandBd2dnR0tBb0lCZ1FDWkZJUlVlOUdob2p3b0hTZmRISjlMNWV2TTlGaHc4dldtaUM4cQowcGlyRGZqQzhvMlJzWnpacysxdStUS3NjOXZtY3cvS01WN1J4c2VCZXV4c1FqbWFBM2MyY2laUjlTSVFoRkpvCkx5TkVQTzdFckROaHhyM1o2ZTZrb0NKNUFINHQwN0RNb2xHeEVobFRjaTIrRE1WTUlkcEZTRDRaZVU5YjdrR1MKdmdoUU9OLzVmN0wwZjI4LzFwclhvNE1GczgybktWYXFwaWZmb0ZZR2xPV1NubnlvNDRRTEdERDJTclJuSTJOZApBT1E5U0ZGanVOWmNpbkZkVFROSE43OXJ6b3YzOTlNbnNIR0hnSzNCa2h3SUtQSU1kOVlYMWpTRUNVZkFOVExHCmd6QmRtbW54SS9BREUzaUlsOENtTE5Ua3R6MXExSkQzS1V5ZnBqMWJ1TU9pVlk5MUk4M0JKK2M5QWR0NHNvOEgKWjU4R3JZZ1lMMnF0MTUzRHZvRVFWSUMwR1RZSndncndTZGgrazVIQWFyQTZkMjdzSy8rQUFkMXhIUm5xQU1rNQo1UVkzWXQza1RpdU05OGZUckFDR2dqUjVPajN4UWorcnpGZUdiZW5sNmQ3ZEtZaC9rVzZtT0dPYzMzeVdTWHRBCkVMRXlwUi9SUHU3Tjk5c0JsSTRFQkdMZ1J5RUNBd0VBQWFOQ01FQXdEZ1lEVlIwUEFRSC9CQVFEQWdJRU1BOEcKQTFVZEV3RUIvd1FGTUFNQkFmOHdIUVlEVlIwT0JCWUVGQTFvRzZEQXBpdTNjMFhRRC84M2QrTktycnZWTUEwRwpDU3FHU0liM0RRRUJDd1VBQTRJQmdRQXNmcTNyWnVSY0xqM0pXL3I2YjRmaHk5c3l1NkdLenRuVmpwb01hWldhCmZkNU1PSEFsZjlCVE1ZVVhWcWZCUWsrcHhidk5PVkdHVThOdDBTMFJrNEVtcVN2OEwwT1o0eVRsWDVPYmxMMWgKY1VCa3J3cWtqdjFOam1NMnRhT2pnQUhEMnQvSWNBR3JsdVl0NTlwb1BKc1Y2YTFIejdyVFZ3TUwzN0ltTDN6OQp1KzU4QlJ4WjBoaWlEZXFRSG9GNnppU3RsWFVQNHNkZnIxYjBveS9rUndQblh6RlZlaUtXaG5RRVdJMkdBcDlICnZ0dzVheGNSb1A2ZUNCTVlpTXNYREE0Tm50aUJzczdDVEpPT08wTnhRaGRLaTZIelA1eDlYMC9jUVVHUldHbnQKWFNyV3FibEtDRkF1cDRja05rcTNTWE9tbkxUREJTSnpsa2Fzem5IRTF6ZmRRUGtQWndpTmdWdnRIWjBub3JNaAoyTzZ2d2JXdjdPZ2c2bTBScHlGMXgwcWx2Um8zVWFFaS9uaDcvWW03ejB5Z2k0TEtPSmFYbVBnaWI2Zm1qai9WClNKNTlmYkZhQldpSDFYOE1DcDk3VGRVbERmektNVUFtTngvcnNvaWVLNlpwb3BrZWpaM3VNRTl6VTZKcmZKRXAKbGZNUDdDUU5KZy95S2FjbkEzcEE2NXM9Ci0tLS0tRU5EIENFUlRJRklDQVRFLS0tLS0K",
                "password": "",
                "username": ""
              }
            ],
            "master_authorized_networks_config": [],
            "master_version": "1.21.6-gke.1500",
            "min_master_version": "1.21.6-gke.1500",
            "monitoring_service": "monitoring.googleapis.com/kubernetes",
            "name": "nkg-backstage-cluster-prod",
            "network": "projects/nkg-backstage/global/networks/gke-network-prod",
            "network_policy": [
              {
                "enabled": false,
                "provider": "PROVIDER_UNSPECIFIED"
              }
            ],
            "node_config": [
              {
                "disk_size_gb": 100,
                "disk_type": "pd-standard",
                "guest_accelerator": [],
                "image_type": "COS",
                "labels": {},
                "local_ssd_count": 0,
                "machine_type": "e2-medium",
                "metadata": {
                  "disable-legacy-endpoints": "true"
                },
                "min_cpu_platform": "",
                "oauth_scopes": [
                  "https://www.googleapis.com/auth/logging.write",
                  "https://www.googleapis.com/auth/monitoring"
                ],
                "preemptible": false,
                "service_account": "tf-gke-nkg-backstage-c-hpdk@nkg-backstage.iam.gserviceaccount.com",
                "shielded_instance_config": [
                  {
                    "enable_integrity_monitoring": true,
                    "enable_secure_boot": false
                  }
                ],
                "tags": [],
                "taint": [],
                "workload_metadata_config": [
                  {
                    "node_metadata": "GKE_METADATA_SERVER"
                  }
                ]
              }
            ],
            "node_locations": [
              "europe-west1-b",
              "europe-west1-c",
              "europe-west1-d"
            ],
            "node_pool": [
              {
                "autoscaling": [],
                "initial_node_count": 0,
                "instance_group_urls": [
                  "https://www.googleapis.com/compute/v1/projects/nkg-backstage/zones/europe-west1-b/instanceGroupManagers/gke-nkg-backstage-cluste-default-pool-499888e7-grp",
                  "https://www.googleapis.com/compute/v1/projects/nkg-backstage/zones/europe-west1-c/instanceGroupManagers/gke-nkg-backstage-cluste-default-pool-673836aa-grp",
                  "https://www.googleapis.com/compute/v1/projects/nkg-backstage/zones/europe-west1-d/instanceGroupManagers/gke-nkg-backstage-cluste-default-pool-3dd37bc4-grp"
                ],
                "management": [
                  {
                    "auto_repair": true,
                    "auto_upgrade": true
                  }
                ],
                "max_pods_per_node": 110,
                "name": "default-pool",
                "name_prefix": "",
                "node_config": [
                  {
                    "disk_size_gb": 100,
                    "disk_type": "pd-standard",
                    "guest_accelerator": [],
                    "image_type": "COS",
                    "labels": {},
                    "local_ssd_count": 0,
                    "machine_type": "e2-medium",
                    "metadata": {
                      "disable-legacy-endpoints": "true"
                    },
                    "min_cpu_platform": "",
                    "oauth_scopes": [
                      "https://www.googleapis.com/auth/logging.write",
                      "https://www.googleapis.com/auth/monitoring"
                    ],
                    "preemptible": false,
                    "service_account": "tf-gke-nkg-backstage-c-hpdk@nkg-backstage.iam.gserviceaccount.com",
                    "shielded_instance_config": [
                      {
                        "enable_integrity_monitoring": true,
                        "enable_secure_boot": false
                      }
                    ],
                    "tags": [],
                    "taint": [],
                    "workload_metadata_config": [
                      {
                        "node_metadata": "GKE_METADATA_SERVER"
                      }
                    ]
                  }
                ],
                "node_count": 0,
                "node_locations": [
                  "europe-west1-b",
                  "europe-west1-c",
                  "europe-west1-d"
                ],
                "upgrade_settings": [
                  {
                    "max_surge": 1,
                    "max_unavailable": 0
                  }
                ],
                "version": "1.21.6-gke.1500"
              },
              {
                "autoscaling": [
                  {
                    "max_node_count": 2,
                    "min_node_count": 1
                  }
                ],
                "initial_node_count": 1,
                "instance_group_urls": [
                  "https://www.googleapis.com/compute/v1/projects/nkg-backstage/zones/europe-west1-b/instanceGroupManagers/gke-nkg-backstage-cluster-p-node-pool-b45a399b-grp",
                  "https://www.googleapis.com/compute/v1/projects/nkg-backstage/zones/europe-west1-c/instanceGroupManagers/gke-nkg-backstage-cluster-p-node-pool-eada6e88-grp",
                  "https://www.googleapis.com/compute/v1/projects/nkg-backstage/zones/europe-west1-d/instanceGroupManagers/gke-nkg-backstage-cluster-p-node-pool-879b67d3-grp"
                ],
                "management": [
                  {
                    "auto_repair": true,
                    "auto_upgrade": true
                  }
                ],
                "max_pods_per_node": 110,
                "name": "node-pool",
                "name_prefix": "",
                "node_config": [
                  {
                    "disk_size_gb": 30,
                    "disk_type": "pd-standard",
                    "guest_accelerator": [],
                    "image_type": "COS",
                    "labels": {
                      "cluster_name": "nkg-backstage-cluster-prod",
                      "node_pool": "node-pool"
                    },
                    "local_ssd_count": 0,
                    "machine_type": "e2-medium",
                    "metadata": {
                      "cluster_name": "nkg-backstage-cluster-prod",
                      "disable-legacy-endpoints": "true",
                      "node_pool": "node-pool"
                    },
                    "min_cpu_platform": "",
                    "oauth_scopes": [
                      "https://www.googleapis.com/auth/cloud-platform"
                    ],
                    "preemptible": false,
                    "service_account": "tf-gke-nkg-backstage-c-hpdk@nkg-backstage.iam.gserviceaccount.com",
                    "shielded_instance_config": [
                      {
                        "enable_integrity_monitoring": true,
                        "enable_secure_boot": false
                      }
                    ],
                    "tags": [
                      "gke-nkg-backstage-cluster-prod",
                      "gke-nkg-backstage-cluster-prod-node-pool"
                    ],
                    "taint": [],
                    "workload_metadata_config": [
                      {
                        "node_metadata": "GKE_METADATA_SERVER"
                      }
                    ]
                  }
                ],
                "node_count": 1,
                "node_locations": [
                  "europe-west1-b",
                  "europe-west1-c",
                  "europe-west1-d"
                ],
                "upgrade_settings": [
                  {
                    "max_surge": 1,
                    "max_unavailable": 0
                  }
                ],
                "version": "1.21.6-gke.1500"
              }
            ],
            "node_version": "1.21.6-gke.1500",
            "operation": null,
            "pod_security_policy_config": [],
            "private_cluster_config": [],
            "project": "nkg-backstage",
            "release_channel": [
              {
                "channel": "UNSPECIFIED"
              }
            ],
            "remove_default_node_pool": false,
            "resource_labels": {},
            "resource_usage_export_config": [],
            "self_link": "https://container.googleapis.com/v1beta1/projects/nkg-backstage/locations/europe-west1/clusters/nkg-backstage-cluster-prod",
            "services_ipv4_cidr": "10.30.0.0/16",
            "subnetwork": "projects/nkg-backstage/regions/europe-west1/subnetworks/gke-subnet-prod",
            "timeouts": {
              "create": "45m",
              "delete": "45m",
              "read": null,
              "update": "45m"
            },
            "vertical_pod_autoscaling": [
              {
                "enabled": false
              }
            ],
            "workload_identity_config": [
              {
                "identity_namespace": "nkg-backstage.svc.id.goog"
              }
            ]
          },
          "sensitive_attributes": [],
          "private": "eyJlMmJmYjczMC1lY2FhLTExZTYtOGY4OC0zNDM2M2JjN2M0YzAiOnsiY3JlYXRlIjoyNzAwMDAwMDAwMDAwLCJkZWxldGUiOjI3MDAwMDAwMDAwMDAsInJlYWQiOjI0MDAwMDAwMDAwMDAsInVwZGF0ZSI6MjcwMDAwMDAwMDAwMH0sInNjaGVtYV92ZXJzaW9uIjoiMSJ9",
          "dependencies": [
            "module.gke.data.google_compute_zones.available",
            "module.gke.data.google_container_engine_versions.region",
            "module.gke.data.google_container_engine_versions.zone",
            "module.gke.google_service_account.cluster_service_account",
            "module.gke.random_shuffle.available_zones",
            "module.gke.random_string.cluster_service_account_suffix",
            "module.gcp-network.module.subnets.google_compute_subnetwork.subnetwork",
            "module.gcp-network.module.vpc.google_compute_network.network"
          ]
        }
      ]
    },
    {
      "module": "module.gke",
      "mode": "managed",
      "type": "google_container_node_pool",
      "name": "pools",
      "provider": "provider[\"registry.terraform.io/hashicorp/google\"]",
      "instances": [
        {
          "index_key": "node-pool",
          "schema_version": 1,
          "attributes": {
            "autoscaling": [
              {
                "max_node_count": 2,
                "min_node_count": 1
              }
            ],
            "cluster": "nkg-backstage-cluster-prod",
            "id": "projects/nkg-backstage/locations/europe-west1/clusters/nkg-backstage-cluster-prod/nodePools/node-pool",
            "initial_node_count": 1,
            "instance_group_urls": [
              "https://www.googleapis.com/compute/v1/projects/nkg-backstage/zones/europe-west1-b/instanceGroupManagers/gke-nkg-backstage-cluster-p-node-pool-b45a399b-grp",
              "https://www.googleapis.com/compute/v1/projects/nkg-backstage/zones/europe-west1-c/instanceGroupManagers/gke-nkg-backstage-cluster-p-node-pool-eada6e88-grp",
              "https://www.googleapis.com/compute/v1/projects/nkg-backstage/zones/europe-west1-d/instanceGroupManagers/gke-nkg-backstage-cluster-p-node-pool-879b67d3-grp"
            ],
            "location": "europe-west1",
            "management": [
              {
                "auto_repair": true,
                "auto_upgrade": true
              }
            ],
            "max_pods_per_node": 110,
            "name": "node-pool",
            "name_prefix": "",
            "node_config": [
              {
                "disk_size_gb": 30,
                "disk_type": "pd-standard",
                "guest_accelerator": [],
                "image_type": "COS",
                "labels": {
                  "cluster_name": "nkg-backstage-cluster-prod",
                  "node_pool": "node-pool"
                },
                "local_ssd_count": 0,
                "machine_type": "e2-medium",
                "metadata": {
                  "cluster_name": "nkg-backstage-cluster-prod",
                  "disable-legacy-endpoints": "true",
                  "node_pool": "node-pool"
                },
                "min_cpu_platform": "",
                "oauth_scopes": [
                  "https://www.googleapis.com/auth/cloud-platform"
                ],
                "preemptible": false,
                "service_account": "tf-gke-nkg-backstage-c-hpdk@nkg-backstage.iam.gserviceaccount.com",
                "shielded_instance_config": [
                  {
                    "enable_integrity_monitoring": true,
                    "enable_secure_boot": false
                  }
                ],
                "tags": [
                  "gke-nkg-backstage-cluster-prod",
                  "gke-nkg-backstage-cluster-prod-node-pool"
                ],
                "taint": [],
                "workload_metadata_config": [
                  {
                    "node_metadata": "GKE_METADATA_SERVER"
                  }
                ]
              }
            ],
            "node_count": 1,
            "node_locations": [
              "europe-west1-b",
              "europe-west1-c",
              "europe-west1-d"
            ],
            "project": "nkg-backstage",
            "timeouts": {
              "create": "45m",
              "delete": "45m",
              "update": "45m"
            },
            "upgrade_settings": [
              {
                "max_surge": 1,
                "max_unavailable": 0
              }
            ],
            "version": "1.21.6-gke.1500"
          },
          "sensitive_attributes": [],
          "private": "eyJlMmJmYjczMC1lY2FhLTExZTYtOGY4OC0zNDM2M2JjN2M0YzAiOnsiY3JlYXRlIjoyNzAwMDAwMDAwMDAwLCJkZWxldGUiOjI3MDAwMDAwMDAwMDAsInVwZGF0ZSI6MjcwMDAwMDAwMDAwMH0sInNjaGVtYV92ZXJzaW9uIjoiMSJ9",
          "dependencies": [
            "module.gke.random_string.cluster_service_account_suffix",
            "module.gcp-network.module.subnets.google_compute_subnetwork.subnetwork",
            "module.gcp-network.module.vpc.google_compute_network.network",
            "module.gke.data.google_compute_zones.available",
            "module.gke.google_service_account.cluster_service_account",
            "module.gke.data.google_container_engine_versions.region",
            "module.gke.data.google_container_engine_versions.zone",
            "module.gke.google_container_cluster.primary",
            "module.gke.random_shuffle.available_zones"
          ]
        }
      ]
    },
    {
      "module": "module.gke",
      "mode": "managed",
      "type": "google_project_iam_member",
      "name": "cluster_service_account-log_writer",
      "provider": "provider[\"registry.terraform.io/hashicorp/google\"]",
      "instances": [
        {
          "index_key": 0,
          "schema_version": 0,
          "attributes": {
            "condition": [],
            "etag": "BwXTKgIuENk=",
            "id": "nkg-backstage/roles/logging.logWriter/serviceaccount:tf-gke-nkg-backstage-c-hpdk@nkg-backstage.iam.gserviceaccount.com",
            "member": "serviceAccount:tf-gke-nkg-backstage-c-hpdk@nkg-backstage.iam.gserviceaccount.com",
            "project": "nkg-backstage",
            "role": "roles/logging.logWriter"
          },
          "sensitive_attributes": [],
          "private": "bnVsbA==",
          "dependencies": [
            "module.gke.random_string.cluster_service_account_suffix",
            "module.gke.google_service_account.cluster_service_account"
          ]
        }
      ]
    },
    {
      "module": "module.gke",
      "mode": "managed",
      "type": "google_project_iam_member",
      "name": "cluster_service_account-metric_writer",
      "provider": "provider[\"registry.terraform.io/hashicorp/google\"]",
      "instances": [
        {
          "index_key": 0,
          "schema_version": 0,
          "attributes": {
            "condition": [],
            "etag": "BwXTKgIuENk=",
            "id": "nkg-backstage/roles/monitoring.metricWriter/serviceaccount:tf-gke-nkg-backstage-c-hpdk@nkg-backstage.iam.gserviceaccount.com",
            "member": "serviceAccount:tf-gke-nkg-backstage-c-hpdk@nkg-backstage.iam.gserviceaccount.com",
            "project": "nkg-backstage",
            "role": "roles/monitoring.metricWriter"
          },
          "sensitive_attributes": [],
          "private": "bnVsbA==",
          "dependencies": [
            "module.gke.google_project_iam_member.cluster_service_account-log_writer",
            "module.gke.google_service_account.cluster_service_account",
            "module.gke.random_string.cluster_service_account_suffix"
          ]
        }
      ]
    },
    {
      "module": "module.gke",
      "mode": "managed",
      "type": "google_project_iam_member",
      "name": "cluster_service_account-monitoring_viewer",
      "provider": "provider[\"registry.terraform.io/hashicorp/google\"]",
      "instances": [
        {
          "index_key": 0,
          "schema_version": 0,
          "attributes": {
            "condition": [],
            "etag": "BwXTKgIuENk=",
            "id": "nkg-backstage/roles/monitoring.viewer/serviceaccount:tf-gke-nkg-backstage-c-hpdk@nkg-backstage.iam.gserviceaccount.com",
            "member": "serviceAccount:tf-gke-nkg-backstage-c-hpdk@nkg-backstage.iam.gserviceaccount.com",
            "project": "nkg-backstage",
            "role": "roles/monitoring.viewer"
          },
          "sensitive_attributes": [],
          "private": "bnVsbA==",
          "dependencies": [
            "module.gke.google_project_iam_member.cluster_service_account-metric_writer",
            "module.gke.google_service_account.cluster_service_account",
            "module.gke.random_string.cluster_service_account_suffix",
            "module.gke.google_project_iam_member.cluster_service_account-log_writer"
          ]
        }
      ]
    },
    {
      "module": "module.gke",
      "mode": "managed",
      "type": "google_project_iam_member",
      "name": "cluster_service_account-resourceMetadata-writer",
      "provider": "provider[\"registry.terraform.io/hashicorp/google\"]",
      "instances": [
        {
          "index_key": 0,
          "schema_version": 0,
          "attributes": {
            "condition": [],
            "etag": "BwXTKgIuENk=",
            "id": "nkg-backstage/roles/stackdriver.resourceMetadata.writer/serviceaccount:tf-gke-nkg-backstage-c-hpdk@nkg-backstage.iam.gserviceaccount.com",
            "member": "serviceAccount:tf-gke-nkg-backstage-c-hpdk@nkg-backstage.iam.gserviceaccount.com",
            "project": "nkg-backstage",
            "role": "roles/stackdriver.resourceMetadata.writer"
          },
          "sensitive_attributes": [],
          "private": "bnVsbA==",
          "dependencies": [
            "module.gke.google_project_iam_member.cluster_service_account-log_writer",
            "module.gke.google_project_iam_member.cluster_service_account-metric_writer",
            "module.gke.google_project_iam_member.cluster_service_account-monitoring_viewer",
            "module.gke.google_service_account.cluster_service_account",
            "module.gke.random_string.cluster_service_account_suffix"
          ]
        }
      ]
    },
    {
      "module": "module.gke",
      "mode": "managed",
      "type": "google_service_account",
      "name": "cluster_service_account",
      "provider": "provider[\"registry.terraform.io/hashicorp/google\"]",
      "instances": [
        {
          "index_key": 0,
          "schema_version": 0,
          "attributes": {
            "account_id": "tf-gke-nkg-backstage-c-hpdk",
            "description": "",
            "display_name": "Terraform-managed service account for cluster nkg-backstage-cluster-prod",
            "email": "tf-gke-nkg-backstage-c-hpdk@nkg-backstage.iam.gserviceaccount.com",
            "id": "projects/nkg-backstage/serviceAccounts/tf-gke-nkg-backstage-c-hpdk@nkg-backstage.iam.gserviceaccount.com",
            "name": "projects/nkg-backstage/serviceAccounts/tf-gke-nkg-backstage-c-hpdk@nkg-backstage.iam.gserviceaccount.com",
            "project": "nkg-backstage",
            "timeouts": null,
            "unique_id": "100847287145127505616"
          },
          "sensitive_attributes": [],
          "private": "eyJlMmJmYjczMC1lY2FhLTExZTYtOGY4OC0zNDM2M2JjN2M0YzAiOnsiY3JlYXRlIjozMDAwMDAwMDAwMDB9fQ==",
          "dependencies": [
            "module.gke.random_string.cluster_service_account_suffix"
          ]
        }
      ]
    },
    {
      "module": "module.gke",
      "mode": "managed",
      "type": "random_shuffle",
      "name": "available_zones",
      "provider": "provider[\"registry.terraform.io/hashicorp/random\"]",
      "instances": [
        {
          "schema_version": 0,
          "attributes": {
            "id": "-",
            "input": [
              "europe-west1-b",
              "europe-west1-c",
              "europe-west1-d"
            ],
            "keepers": null,
            "result": [
              "europe-west1-b",
              "europe-west1-c",
              "europe-west1-d"
            ],
            "result_count": 3,
            "seed": null
          },
          "sensitive_attributes": [],
          "private": "bnVsbA==",
          "dependencies": [
            "module.gke.data.google_compute_zones.available"
          ]
        }
      ]
    },
    {
      "module": "module.gke",
      "mode": "managed",
      "type": "random_string",
      "name": "cluster_service_account_suffix",
      "provider": "provider[\"registry.terraform.io/hashicorp/random\"]",
      "instances": [
        {
          "schema_version": 1,
          "attributes": {
            "id": "hpdk",
            "keepers": null,
            "length": 4,
            "lower": true,
            "min_lower": 0,
            "min_numeric": 0,
            "min_special": 0,
            "min_upper": 0,
            "number": true,
            "override_special": null,
            "result": "hpdk",
            "special": false,
            "upper": false
          },
          "sensitive_attributes": [],
          "private": "eyJzY2hlbWFfdmVyc2lvbiI6IjEifQ=="
        }
      ]
    },
    {
      "module": "module.gke.module.gcloud_delete_default_kube_dns_configmap.module.gcloud_kubectl",
      "mode": "managed",
      "type": "null_resource",
      "name": "module_depends_on",
      "provider": "provider[\"registry.terraform.io/hashicorp/null\"]",
      "instances": [
        {
          "index_key": 0,
          "schema_version": 0,
          "attributes": {
            "id": "6604331263079695661",
            "triggers": {
              "value": "2"
            }
          },
          "sensitive_attributes": [],
          "private": "bnVsbA==",
          "dependencies": [
            "module.gke.data.google_container_engine_versions.region",
            "module.gke.google_container_cluster.primary",
            "module.gke.google_service_account.cluster_service_account",
            "module.gke.random_shuffle.available_zones",
            "module.gke.random_string.cluster_service_account_suffix",
            "module.gcp-network.module.subnets.google_compute_subnetwork.subnetwork",
            "module.gcp-network.module.vpc.google_compute_network.network",
            "module.gke.data.google_compute_zones.available",
            "module.gke.data.google_container_engine_versions.zone",
            "module.gke.google_container_node_pool.pools"
          ]
        }
      ]
    },
    {
      "module": "module.gke_auth",
      "mode": "data",
      "type": "google_client_config",
      "name": "provider",
      "provider": "provider[\"registry.terraform.io/hashicorp/google\"]",
      "instances": [
        {
          "schema_version": 0,
          "attributes": {
            "access_token": "ya29.a0ARrdaM8p9URX5uUfk-Djn1tnX5aKApZIrH8zAZT7jR_YJ9rCQ_3BPmxnGlJiFewnns_MTtgEWYV2KsOTndhnttRUpD0dNAjZg8mQqua-fcF1fcTN0H6L38hdKzoFZrZ7wJ_lmqHkhxdoq0AmFD61KMfqfJ30dQ",
            "id": "projects//regions//zones/",
            "project": "",
            "region": "",
            "zone": ""
          },
          "sensitive_attributes": []
        }
      ]
    },
    {
      "module": "module.gke_auth",
      "mode": "data",
      "type": "google_container_cluster",
      "name": "gke_cluster",
      "provider": "provider[\"registry.terraform.io/hashicorp/google\"]",
      "instances": [
        {
          "schema_version": 0,
          "attributes": {
            "addons_config": [
              {
                "cloudrun_config": [],
                "horizontal_pod_autoscaling": [
                  {
                    "disabled": false
                  }
                ],
                "http_load_balancing": [
                  {
                    "disabled": false
                  }
                ],
                "network_policy_config": [
                  {
                    "disabled": true
                  }
                ]
              }
            ],
            "authenticator_groups_config": [],
            "cluster_autoscaling": [
              {
                "auto_provisioning_defaults": [],
                "enabled": false,
                "resource_limits": []
              }
            ],
            "cluster_ipv4_cidr": "10.20.0.0/16",
            "database_encryption": [
              {
                "key_name": "",
                "state": "DECRYPTED"
              }
            ],
            "default_max_pods_per_node": 110,
            "description": "",
            "enable_binary_authorization": false,
            "enable_intranode_visibility": null,
            "enable_kubernetes_alpha": false,
            "enable_legacy_abac": false,
            "enable_shielded_nodes": true,
            "enable_tpu": null,
            "endpoint": "34.79.34.202",
            "id": "projects/nkg-backstage/locations/europe-west1/clusters/nkg-backstage-cluster-prod",
            "initial_node_count": 0,
            "instance_group_urls": [
              "https://www.googleapis.com/compute/v1/projects/nkg-backstage/zones/europe-west1-b/instanceGroups/gke-nkg-backstage-cluste-default-pool-499888e7-grp",
              "https://www.googleapis.com/compute/v1/projects/nkg-backstage/zones/europe-west1-c/instanceGroups/gke-nkg-backstage-cluste-default-pool-673836aa-grp",
              "https://www.googleapis.com/compute/v1/projects/nkg-backstage/zones/europe-west1-d/instanceGroups/gke-nkg-backstage-cluste-default-pool-3dd37bc4-grp",
              "https://www.googleapis.com/compute/v1/projects/nkg-backstage/zones/europe-west1-b/instanceGroups/gke-nkg-backstage-cluster-p-node-pool-b45a399b-grp",
              "https://www.googleapis.com/compute/v1/projects/nkg-backstage/zones/europe-west1-c/instanceGroups/gke-nkg-backstage-cluster-p-node-pool-eada6e88-grp",
              "https://www.googleapis.com/compute/v1/projects/nkg-backstage/zones/europe-west1-d/instanceGroups/gke-nkg-backstage-cluster-p-node-pool-879b67d3-grp"
            ],
            "ip_allocation_policy": [
              {
                "cluster_ipv4_cidr_block": "10.20.0.0/16",
                "cluster_secondary_range_name": "ip-range-pods",
                "services_ipv4_cidr_block": "10.30.0.0/16",
                "services_secondary_range_name": "ip-range-services"
              }
            ],
            "label_fingerprint": "a9dc16a7",
            "location": "europe-west1",
            "logging_service": "logging.googleapis.com/kubernetes",
            "maintenance_policy": [
              {
                "daily_maintenance_window": [
                  {
                    "duration": "PT4H0M0S",
                    "start_time": "05:00"
                  }
                ],
                "recurring_window": []
              }
            ],
            "master_auth": [
              {
                "client_certificate": "",
                "client_certificate_config": [
                  {
                    "issue_client_certificate": false
                  }
                ],
                "client_key": "",
                "cluster_ca_certificate": "LS0tLS1CRUdJTiBDRVJUSUZJQ0FURS0tLS0tCk1JSUVMVENDQXBXZ0F3SUJBZ0lSQUp6c3VKTG5iSkdNSUhZYlg1TTJEL0F3RFFZSktvWklodmNOQVFFTEJRQXcKTHpFdE1Dc0dBMVVFQXhNa09HSmlabU15TlRNdFlXWTFaQzAwWWpjeExXRmpZbUl0TkdReE1qRmtNVE14WVRsbApNQ0FYRFRJeE1USXhOVEEyTVRJek9Wb1lEekl3TlRFeE1qQTRNRGN4TWpNNVdqQXZNUzB3S3dZRFZRUURFeVE0ClltSm1ZekkxTXkxaFpqVmtMVFJpTnpFdFlXTmlZaTAwWkRFeU1XUXhNekZoT1dVd2dnR2lNQTBHQ1NxR1NJYjMKRFFFQkFRVUFBNElCandBd2dnR0tBb0lCZ1FDWkZJUlVlOUdob2p3b0hTZmRISjlMNWV2TTlGaHc4dldtaUM4cQowcGlyRGZqQzhvMlJzWnpacysxdStUS3NjOXZtY3cvS01WN1J4c2VCZXV4c1FqbWFBM2MyY2laUjlTSVFoRkpvCkx5TkVQTzdFckROaHhyM1o2ZTZrb0NKNUFINHQwN0RNb2xHeEVobFRjaTIrRE1WTUlkcEZTRDRaZVU5YjdrR1MKdmdoUU9OLzVmN0wwZjI4LzFwclhvNE1GczgybktWYXFwaWZmb0ZZR2xPV1NubnlvNDRRTEdERDJTclJuSTJOZApBT1E5U0ZGanVOWmNpbkZkVFROSE43OXJ6b3YzOTlNbnNIR0hnSzNCa2h3SUtQSU1kOVlYMWpTRUNVZkFOVExHCmd6QmRtbW54SS9BREUzaUlsOENtTE5Ua3R6MXExSkQzS1V5ZnBqMWJ1TU9pVlk5MUk4M0JKK2M5QWR0NHNvOEgKWjU4R3JZZ1lMMnF0MTUzRHZvRVFWSUMwR1RZSndncndTZGgrazVIQWFyQTZkMjdzSy8rQUFkMXhIUm5xQU1rNQo1UVkzWXQza1RpdU05OGZUckFDR2dqUjVPajN4UWorcnpGZUdiZW5sNmQ3ZEtZaC9rVzZtT0dPYzMzeVdTWHRBCkVMRXlwUi9SUHU3Tjk5c0JsSTRFQkdMZ1J5RUNBd0VBQWFOQ01FQXdEZ1lEVlIwUEFRSC9CQVFEQWdJRU1BOEcKQTFVZEV3RUIvd1FGTUFNQkFmOHdIUVlEVlIwT0JCWUVGQTFvRzZEQXBpdTNjMFhRRC84M2QrTktycnZWTUEwRwpDU3FHU0liM0RRRUJDd1VBQTRJQmdRQXNmcTNyWnVSY0xqM0pXL3I2YjRmaHk5c3l1NkdLenRuVmpwb01hWldhCmZkNU1PSEFsZjlCVE1ZVVhWcWZCUWsrcHhidk5PVkdHVThOdDBTMFJrNEVtcVN2OEwwT1o0eVRsWDVPYmxMMWgKY1VCa3J3cWtqdjFOam1NMnRhT2pnQUhEMnQvSWNBR3JsdVl0NTlwb1BKc1Y2YTFIejdyVFZ3TUwzN0ltTDN6OQp1KzU4QlJ4WjBoaWlEZXFRSG9GNnppU3RsWFVQNHNkZnIxYjBveS9rUndQblh6RlZlaUtXaG5RRVdJMkdBcDlICnZ0dzVheGNSb1A2ZUNCTVlpTXNYREE0Tm50aUJzczdDVEpPT08wTnhRaGRLaTZIelA1eDlYMC9jUVVHUldHbnQKWFNyV3FibEtDRkF1cDRja05rcTNTWE9tbkxUREJTSnpsa2Fzem5IRTF6ZmRRUGtQWndpTmdWdnRIWjBub3JNaAoyTzZ2d2JXdjdPZ2c2bTBScHlGMXgwcWx2Um8zVWFFaS9uaDcvWW03ejB5Z2k0TEtPSmFYbVBnaWI2Zm1qai9WClNKNTlmYkZhQldpSDFYOE1DcDk3VGRVbERmektNVUFtTngvcnNvaWVLNlpwb3BrZWpaM3VNRTl6VTZKcmZKRXAKbGZNUDdDUU5KZy95S2FjbkEzcEE2NXM9Ci0tLS0tRU5EIENFUlRJRklDQVRFLS0tLS0K",
                "password": "",
                "username": ""
              }
            ],
            "master_authorized_networks_config": [],
            "master_version": "1.21.6-gke.1500",
            "min_master_version": null,
            "monitoring_service": "monitoring.googleapis.com/kubernetes",
            "name": "nkg-backstage-cluster-prod",
            "network": "projects/nkg-backstage/global/networks/gke-network-prod",
            "network_policy": [
              {
                "enabled": false,
                "provider": "PROVIDER_UNSPECIFIED"
              }
            ],
            "node_config": [
              {
                "disk_size_gb": 100,
                "disk_type": "pd-standard",
                "guest_accelerator": [],
                "image_type": "COS",
                "labels": {},
                "local_ssd_count": 0,
                "machine_type": "e2-medium",
                "metadata": {
                  "disable-legacy-endpoints": "true"
                },
                "min_cpu_platform": "",
                "oauth_scopes": [
                  "https://www.googleapis.com/auth/logging.write",
                  "https://www.googleapis.com/auth/monitoring"
                ],
                "preemptible": false,
                "service_account": "tf-gke-nkg-backstage-c-hpdk@nkg-backstage.iam.gserviceaccount.com",
                "shielded_instance_config": [
                  {
                    "enable_integrity_monitoring": true,
                    "enable_secure_boot": false
                  }
                ],
                "tags": [],
                "taint": [],
                "workload_metadata_config": [
                  {
                    "node_metadata": "GKE_METADATA_SERVER"
                  }
                ]
              }
            ],
            "node_locations": [
              "europe-west1-b",
              "europe-west1-c",
              "europe-west1-d"
            ],
            "node_pool": [
              {
                "autoscaling": [],
                "initial_node_count": 0,
                "instance_group_urls": [
                  "https://www.googleapis.com/compute/v1/projects/nkg-backstage/zones/europe-west1-b/instanceGroupManagers/gke-nkg-backstage-cluste-default-pool-499888e7-grp",
                  "https://www.googleapis.com/compute/v1/projects/nkg-backstage/zones/europe-west1-c/instanceGroupManagers/gke-nkg-backstage-cluste-default-pool-673836aa-grp",
                  "https://www.googleapis.com/compute/v1/projects/nkg-backstage/zones/europe-west1-d/instanceGroupManagers/gke-nkg-backstage-cluste-default-pool-3dd37bc4-grp"
                ],
                "management": [
                  {
                    "auto_repair": true,
                    "auto_upgrade": true
                  }
                ],
                "max_pods_per_node": 110,
                "name": "default-pool",
                "name_prefix": "",
                "node_config": [
                  {
                    "disk_size_gb": 100,
                    "disk_type": "pd-standard",
                    "guest_accelerator": [],
                    "image_type": "COS",
                    "labels": {},
                    "local_ssd_count": 0,
                    "machine_type": "e2-medium",
                    "metadata": {
                      "disable-legacy-endpoints": "true"
                    },
                    "min_cpu_platform": "",
                    "oauth_scopes": [
                      "https://www.googleapis.com/auth/logging.write",
                      "https://www.googleapis.com/auth/monitoring"
                    ],
                    "preemptible": false,
                    "service_account": "tf-gke-nkg-backstage-c-hpdk@nkg-backstage.iam.gserviceaccount.com",
                    "shielded_instance_config": [
                      {
                        "enable_integrity_monitoring": true,
                        "enable_secure_boot": false
                      }
                    ],
                    "tags": [],
                    "taint": [],
                    "workload_metadata_config": [
                      {
                        "node_metadata": "GKE_METADATA_SERVER"
                      }
                    ]
                  }
                ],
                "node_count": 0,
                "node_locations": [
                  "europe-west1-b",
                  "europe-west1-c",
                  "europe-west1-d"
                ],
                "upgrade_settings": [
                  {
                    "max_surge": 1,
                    "max_unavailable": 0
                  }
                ],
                "version": "1.21.6-gke.1500"
              },
              {
                "autoscaling": [
                  {
                    "max_node_count": 2,
                    "min_node_count": 1
                  }
                ],
                "initial_node_count": 1,
                "instance_group_urls": [
                  "https://www.googleapis.com/compute/v1/projects/nkg-backstage/zones/europe-west1-b/instanceGroupManagers/gke-nkg-backstage-cluster-p-node-pool-b45a399b-grp",
                  "https://www.googleapis.com/compute/v1/projects/nkg-backstage/zones/europe-west1-c/instanceGroupManagers/gke-nkg-backstage-cluster-p-node-pool-eada6e88-grp",
                  "https://www.googleapis.com/compute/v1/projects/nkg-backstage/zones/europe-west1-d/instanceGroupManagers/gke-nkg-backstage-cluster-p-node-pool-879b67d3-grp"
                ],
                "management": [
                  {
                    "auto_repair": true,
                    "auto_upgrade": true
                  }
                ],
                "max_pods_per_node": 110,
                "name": "node-pool",
                "name_prefix": "",
                "node_config": [
                  {
                    "disk_size_gb": 30,
                    "disk_type": "pd-standard",
                    "guest_accelerator": [],
                    "image_type": "COS",
                    "labels": {
                      "cluster_name": "nkg-backstage-cluster-prod",
                      "node_pool": "node-pool"
                    },
                    "local_ssd_count": 0,
                    "machine_type": "e2-medium",
                    "metadata": {
                      "cluster_name": "nkg-backstage-cluster-prod",
                      "disable-legacy-endpoints": "true",
                      "node_pool": "node-pool"
                    },
                    "min_cpu_platform": "",
                    "oauth_scopes": [
                      "https://www.googleapis.com/auth/cloud-platform"
                    ],
                    "preemptible": false,
                    "service_account": "tf-gke-nkg-backstage-c-hpdk@nkg-backstage.iam.gserviceaccount.com",
                    "shielded_instance_config": [
                      {
                        "enable_integrity_monitoring": true,
                        "enable_secure_boot": false
                      }
                    ],
                    "tags": [
                      "gke-nkg-backstage-cluster-prod",
                      "gke-nkg-backstage-cluster-prod-node-pool"
                    ],
                    "taint": [],
                    "workload_metadata_config": [
                      {
                        "node_metadata": "GKE_METADATA_SERVER"
                      }
                    ]
                  }
                ],
                "node_count": 1,
                "node_locations": [
                  "europe-west1-b",
                  "europe-west1-c",
                  "europe-west1-d"
                ],
                "upgrade_settings": [
                  {
                    "max_surge": 1,
                    "max_unavailable": 0
                  }
                ],
                "version": "1.21.6-gke.1500"
              }
            ],
            "node_version": "1.21.6-gke.1500",
            "operation": null,
            "pod_security_policy_config": null,
            "private_cluster_config": [],
            "project": "nkg-backstage",
            "release_channel": [
              {
                "channel": "UNSPECIFIED"
              }
            ],
            "remove_default_node_pool": null,
            "resource_labels": {},
            "resource_usage_export_config": [],
            "self_link": "https://container.googleapis.com/v1beta1/projects/nkg-backstage/locations/europe-west1/clusters/nkg-backstage-cluster-prod",
            "services_ipv4_cidr": "10.30.0.0/16",
            "subnetwork": "projects/nkg-backstage/regions/europe-west1/subnetworks/gke-subnet-prod",
            "vertical_pod_autoscaling": [
              {
                "enabled": false
              }
            ],
            "workload_identity_config": [
              {
                "identity_namespace": "nkg-backstage.svc.id.goog"
              }
            ]
          },
          "sensitive_attributes": []
        }
      ]
    },
    {
      "module": "module.gke_auth",
      "mode": "data",
      "type": "template_file",
      "name": "kubeconfig",
      "provider": "provider[\"registry.terraform.io/hashicorp/template\"]",
      "instances": [
        {
          "schema_version": 0,
          "attributes": {
            "filename": null,
            "id": "d722be3a77d89fa60b30ab4060e2ad5fc8489523333a1d3030366da94cd2db67",
            "rendered": "apiVersion: v1\r\nclusters:\r\n- cluster:\r\n    certificate-authority-data: LS0tLS1CRUdJTiBDRVJUSUZJQ0FURS0tLS0tCk1JSUVMVENDQXBXZ0F3SUJBZ0lSQUp6c3VKTG5iSkdNSUhZYlg1TTJEL0F3RFFZSktvWklodmNOQVFFTEJRQXcKTHpFdE1Dc0dBMVVFQXhNa09HSmlabU15TlRNdFlXWTFaQzAwWWpjeExXRmpZbUl0TkdReE1qRmtNVE14WVRsbApNQ0FYRFRJeE1USXhOVEEyTVRJek9Wb1lEekl3TlRFeE1qQTRNRGN4TWpNNVdqQXZNUzB3S3dZRFZRUURFeVE0ClltSm1ZekkxTXkxaFpqVmtMVFJpTnpFdFlXTmlZaTAwWkRFeU1XUXhNekZoT1dVd2dnR2lNQTBHQ1NxR1NJYjMKRFFFQkFRVUFBNElCandBd2dnR0tBb0lCZ1FDWkZJUlVlOUdob2p3b0hTZmRISjlMNWV2TTlGaHc4dldtaUM4cQowcGlyRGZqQzhvMlJzWnpacysxdStUS3NjOXZtY3cvS01WN1J4c2VCZXV4c1FqbWFBM2MyY2laUjlTSVFoRkpvCkx5TkVQTzdFckROaHhyM1o2ZTZrb0NKNUFINHQwN0RNb2xHeEVobFRjaTIrRE1WTUlkcEZTRDRaZVU5YjdrR1MKdmdoUU9OLzVmN0wwZjI4LzFwclhvNE1GczgybktWYXFwaWZmb0ZZR2xPV1NubnlvNDRRTEdERDJTclJuSTJOZApBT1E5U0ZGanVOWmNpbkZkVFROSE43OXJ6b3YzOTlNbnNIR0hnSzNCa2h3SUtQSU1kOVlYMWpTRUNVZkFOVExHCmd6QmRtbW54SS9BREUzaUlsOENtTE5Ua3R6MXExSkQzS1V5ZnBqMWJ1TU9pVlk5MUk4M0JKK2M5QWR0NHNvOEgKWjU4R3JZZ1lMMnF0MTUzRHZvRVFWSUMwR1RZSndncndTZGgrazVIQWFyQTZkMjdzSy8rQUFkMXhIUm5xQU1rNQo1UVkzWXQza1RpdU05OGZUckFDR2dqUjVPajN4UWorcnpGZUdiZW5sNmQ3ZEtZaC9rVzZtT0dPYzMzeVdTWHRBCkVMRXlwUi9SUHU3Tjk5c0JsSTRFQkdMZ1J5RUNBd0VBQWFOQ01FQXdEZ1lEVlIwUEFRSC9CQVFEQWdJRU1BOEcKQTFVZEV3RUIvd1FGTUFNQkFmOHdIUVlEVlIwT0JCWUVGQTFvRzZEQXBpdTNjMFhRRC84M2QrTktycnZWTUEwRwpDU3FHU0liM0RRRUJDd1VBQTRJQmdRQXNmcTNyWnVSY0xqM0pXL3I2YjRmaHk5c3l1NkdLenRuVmpwb01hWldhCmZkNU1PSEFsZjlCVE1ZVVhWcWZCUWsrcHhidk5PVkdHVThOdDBTMFJrNEVtcVN2OEwwT1o0eVRsWDVPYmxMMWgKY1VCa3J3cWtqdjFOam1NMnRhT2pnQUhEMnQvSWNBR3JsdVl0NTlwb1BKc1Y2YTFIejdyVFZ3TUwzN0ltTDN6OQp1KzU4QlJ4WjBoaWlEZXFRSG9GNnppU3RsWFVQNHNkZnIxYjBveS9rUndQblh6RlZlaUtXaG5RRVdJMkdBcDlICnZ0dzVheGNSb1A2ZUNCTVlpTXNYREE0Tm50aUJzczdDVEpPT08wTnhRaGRLaTZIelA1eDlYMC9jUVVHUldHbnQKWFNyV3FibEtDRkF1cDRja05rcTNTWE9tbkxUREJTSnpsa2Fzem5IRTF6ZmRRUGtQWndpTmdWdnRIWjBub3JNaAoyTzZ2d2JXdjdPZ2c2bTBScHlGMXgwcWx2Um8zVWFFaS9uaDcvWW03ejB5Z2k0TEtPSmFYbVBnaWI2Zm1qai9WClNKNTlmYkZhQldpSDFYOE1DcDk3VGRVbERmektNVUFtTngvcnNvaWVLNlpwb3BrZWpaM3VNRTl6VTZKcmZKRXAKbGZNUDdDUU5KZy95S2FjbkEzcEE2NXM9Ci0tLS0tRU5EIENFUlRJRklDQVRFLS0tLS0K\r\n    server: https://34.79.34.202\r\n  name: nkg-backstage-cluster-prod\r\ncontexts:\r\n- context:\r\n    cluster: nkg-backstage-cluster-prod\r\n    user: nkg-backstage-cluster-prod\r\n  name: nkg-backstage-cluster-prod\r\ncurrent-context: nkg-backstage-cluster-prod\r\nkind: Config\r\npreferences: {}\r\nusers:\r\n- name: nkg-backstage-cluster-prod\r\n  user:\r\n    token: ya29.a0ARrdaM8p9URX5uUfk-Djn1tnX5aKApZIrH8zAZT7jR_YJ9rCQ_3BPmxnGlJiFewnns_MTtgEWYV2KsOTndhnttRUpD0dNAjZg8mQqua-fcF1fcTN0H6L38hdKzoFZrZ7wJ_lmqHkhxdoq0AmFD61KMfqfJ30dQ\r\n",
            "template": "apiVersion: v1\r\nclusters:\r\n- cluster:\r\n    certificate-authority-data: ${cluster_ca_certificate}\r\n    server: https://${endpoint}\r\n  name: ${context}\r\ncontexts:\r\n- context:\r\n    cluster: ${context}\r\n    user: ${context}\r\n  name: ${context}\r\ncurrent-context: ${context}\r\nkind: Config\r\npreferences: {}\r\nusers:\r\n- name: ${context}\r\n  user:\r\n    token: ${token}\r\n",
            "vars": {
              "cluster_ca_certificate": "LS0tLS1CRUdJTiBDRVJUSUZJQ0FURS0tLS0tCk1JSUVMVENDQXBXZ0F3SUJBZ0lSQUp6c3VKTG5iSkdNSUhZYlg1TTJEL0F3RFFZSktvWklodmNOQVFFTEJRQXcKTHpFdE1Dc0dBMVVFQXhNa09HSmlabU15TlRNdFlXWTFaQzAwWWpjeExXRmpZbUl0TkdReE1qRmtNVE14WVRsbApNQ0FYRFRJeE1USXhOVEEyTVRJek9Wb1lEekl3TlRFeE1qQTRNRGN4TWpNNVdqQXZNUzB3S3dZRFZRUURFeVE0ClltSm1ZekkxTXkxaFpqVmtMVFJpTnpFdFlXTmlZaTAwWkRFeU1XUXhNekZoT1dVd2dnR2lNQTBHQ1NxR1NJYjMKRFFFQkFRVUFBNElCandBd2dnR0tBb0lCZ1FDWkZJUlVlOUdob2p3b0hTZmRISjlMNWV2TTlGaHc4dldtaUM4cQowcGlyRGZqQzhvMlJzWnpacysxdStUS3NjOXZtY3cvS01WN1J4c2VCZXV4c1FqbWFBM2MyY2laUjlTSVFoRkpvCkx5TkVQTzdFckROaHhyM1o2ZTZrb0NKNUFINHQwN0RNb2xHeEVobFRjaTIrRE1WTUlkcEZTRDRaZVU5YjdrR1MKdmdoUU9OLzVmN0wwZjI4LzFwclhvNE1GczgybktWYXFwaWZmb0ZZR2xPV1NubnlvNDRRTEdERDJTclJuSTJOZApBT1E5U0ZGanVOWmNpbkZkVFROSE43OXJ6b3YzOTlNbnNIR0hnSzNCa2h3SUtQSU1kOVlYMWpTRUNVZkFOVExHCmd6QmRtbW54SS9BREUzaUlsOENtTE5Ua3R6MXExSkQzS1V5ZnBqMWJ1TU9pVlk5MUk4M0JKK2M5QWR0NHNvOEgKWjU4R3JZZ1lMMnF0MTUzRHZvRVFWSUMwR1RZSndncndTZGgrazVIQWFyQTZkMjdzSy8rQUFkMXhIUm5xQU1rNQo1UVkzWXQza1RpdU05OGZUckFDR2dqUjVPajN4UWorcnpGZUdiZW5sNmQ3ZEtZaC9rVzZtT0dPYzMzeVdTWHRBCkVMRXlwUi9SUHU3Tjk5c0JsSTRFQkdMZ1J5RUNBd0VBQWFOQ01FQXdEZ1lEVlIwUEFRSC9CQVFEQWdJRU1BOEcKQTFVZEV3RUIvd1FGTUFNQkFmOHdIUVlEVlIwT0JCWUVGQTFvRzZEQXBpdTNjMFhRRC84M2QrTktycnZWTUEwRwpDU3FHU0liM0RRRUJDd1VBQTRJQmdRQXNmcTNyWnVSY0xqM0pXL3I2YjRmaHk5c3l1NkdLenRuVmpwb01hWldhCmZkNU1PSEFsZjlCVE1ZVVhWcWZCUWsrcHhidk5PVkdHVThOdDBTMFJrNEVtcVN2OEwwT1o0eVRsWDVPYmxMMWgKY1VCa3J3cWtqdjFOam1NMnRhT2pnQUhEMnQvSWNBR3JsdVl0NTlwb1BKc1Y2YTFIejdyVFZ3TUwzN0ltTDN6OQp1KzU4QlJ4WjBoaWlEZXFRSG9GNnppU3RsWFVQNHNkZnIxYjBveS9rUndQblh6RlZlaUtXaG5RRVdJMkdBcDlICnZ0dzVheGNSb1A2ZUNCTVlpTXNYREE0Tm50aUJzczdDVEpPT08wTnhRaGRLaTZIelA1eDlYMC9jUVVHUldHbnQKWFNyV3FibEtDRkF1cDRja05rcTNTWE9tbkxUREJTSnpsa2Fzem5IRTF6ZmRRUGtQWndpTmdWdnRIWjBub3JNaAoyTzZ2d2JXdjdPZ2c2bTBScHlGMXgwcWx2Um8zVWFFaS9uaDcvWW03ejB5Z2k0TEtPSmFYbVBnaWI2Zm1qai9WClNKNTlmYkZhQldpSDFYOE1DcDk3VGRVbERmektNVUFtTngvcnNvaWVLNlpwb3BrZWpaM3VNRTl6VTZKcmZKRXAKbGZNUDdDUU5KZy95S2FjbkEzcEE2NXM9Ci0tLS0tRU5EIENFUlRJRklDQVRFLS0tLS0K",
              "context": "nkg-backstage-cluster-prod",
              "endpoint": "34.79.34.202",
              "token": "ya29.a0ARrdaM8p9URX5uUfk-Djn1tnX5aKApZIrH8zAZT7jR_YJ9rCQ_3BPmxnGlJiFewnns_MTtgEWYV2KsOTndhnttRUpD0dNAjZg8mQqua-fcF1fcTN0H6L38hdKzoFZrZ7wJ_lmqHkhxdoq0AmFD61KMfqfJ30dQ"
            }
          },
          "sensitive_attributes": [
            [
              {
                "type": "get_attr",
                "value": "vars"
              },
              {
                "type": "index",
                "value": {
                  "value": "token",
                  "type": "string"
                }
              }
            ]
          ]
        }
      ]
    }
  ]
}
